// !$*UTF8*$!
{
	archiveVersion = 1;
	classes = {
	};
	objectVersion = 51;
	objects = {

/* Begin PBXBuildFile section */
		02D9C3BE8152BE8BFCCB76B5 /* MasterInteractorOutput.swift in Sources */ = {isa = PBXBuildFile; fileRef = 53AE506EE4F551C898339C4E /* MasterInteractorOutput.swift */; };
		058697425A78619ED45EB2E1 /* Pods_test_Notes_Model.framework in Frameworks */ = {isa = PBXBuildFile; fileRef = BD34D2FAFD3D51A6FBD1126A /* Pods_test_Notes_Model.framework */; };
		0637AEEFAB6A094CF7A449B3 /* MasterInteractor.swift in Sources */ = {isa = PBXBuildFile; fileRef = 1CB934FE64538A146B12121D /* MasterInteractor.swift */; };
		146AA11AAFD12652D132699B /* MasterInitializer.swift in Sources */ = {isa = PBXBuildFile; fileRef = 195AD2BA308D2DCBA6455211 /* MasterInitializer.swift */; };
		1C4DEAF25188B06227B18CBD /* Pods_test_Notes_App_test_Notes_AppTests.framework in Frameworks */ = {isa = PBXBuildFile; fileRef = FC4066F868931E0205EFE2AE /* Pods_test_Notes_App_test_Notes_AppTests.framework */; };
		2A642FA18BEF48E7D7B246FC /* MasterPresenterTests.swift in Sources */ = {isa = PBXBuildFile; fileRef = 56D5F997D830105FEC3535C9 /* MasterPresenterTests.swift */; };
		30060AD3AF89B06EBE4F5F3B /* Pods_test_Notes_API.framework in Frameworks */ = {isa = PBXBuildFile; fileRef = 9C6AAD46D55A539332E15501 /* Pods_test_Notes_API.framework */; };
		47F92FB495FD4CDCB943AFC4 /* MasterRouterTests.swift in Sources */ = {isa = PBXBuildFile; fileRef = 403CAE3ABFE7FF1B4E08D3D3 /* MasterRouterTests.swift */; };
		51ECD6737210C5C38B33D799 /* MasterPresenter.swift in Sources */ = {isa = PBXBuildFile; fileRef = 8F6AB7D38FC5CDF73B6A8C4C /* MasterPresenter.swift */; };
		6D758317A53CF4C44872C92C /* MasterViewTests.swift in Sources */ = {isa = PBXBuildFile; fileRef = 0F5AA6ACC74BFDCFAC097EBD /* MasterViewTests.swift */; };
		716ECAD5E81D2F9D10825CA3 /* MasterInteractorTests.swift in Sources */ = {isa = PBXBuildFile; fileRef = 05CA20897850A377B7D4B1AD /* MasterInteractorTests.swift */; };
		76471346E5398DD90E3A8A11 /* MasterModuleInput.swift in Sources */ = {isa = PBXBuildFile; fileRef = 92F478C8FD12718A0B91EFD0 /* MasterModuleInput.swift */; };
		83493C4F96440B099D93539B /* MasterRouterInput.swift in Sources */ = {isa = PBXBuildFile; fileRef = 71E1EA889941A0D25EAEA3A3 /* MasterRouterInput.swift */; };
		84164E5123E98934008DC3E8 /* NoteRequest.swift in Sources */ = {isa = PBXBuildFile; fileRef = 84164E5023E98934008DC3E8 /* NoteRequest.swift */; };
		84164E5323E98996008DC3E8 /* NoteRequestImpl.swift in Sources */ = {isa = PBXBuildFile; fileRef = 84164E5223E98996008DC3E8 /* NoteRequestImpl.swift */; };
		84164E5523E99DF6008DC3E8 /* SetupNoteRequest.swift in Sources */ = {isa = PBXBuildFile; fileRef = 84164E5423E99DF6008DC3E8 /* SetupNoteRequest.swift */; };
		84164E5723E99F5B008DC3E8 /* DeleteNoteRequestImpl.swift in Sources */ = {isa = PBXBuildFile; fileRef = 84164E5623E99F5B008DC3E8 /* DeleteNoteRequestImpl.swift */; };
		84164E5923E99F97008DC3E8 /* DeleteNoteRequest.swift in Sources */ = {isa = PBXBuildFile; fileRef = 84164E5823E99F97008DC3E8 /* DeleteNoteRequest.swift */; };
		84164E5B23E9A1A8008DC3E8 /* SetupNoteRequestImpl.swift in Sources */ = {isa = PBXBuildFile; fileRef = 84164E5A23E9A1A8008DC3E8 /* SetupNoteRequestImpl.swift */; };
		84164E5E23EA300D008DC3E8 /* Resolver.swift in Sources */ = {isa = PBXBuildFile; fileRef = 84164E5D23EA300D008DC3E8 /* Resolver.swift */; };
		842D418523E77A2900872340 /* AppDelegate.swift in Sources */ = {isa = PBXBuildFile; fileRef = 842D418423E77A2900872340 /* AppDelegate.swift */; };
		842D418723E77A2900872340 /* SceneDelegate.swift in Sources */ = {isa = PBXBuildFile; fileRef = 842D418623E77A2900872340 /* SceneDelegate.swift */; };
		842D419323E77A2D00872340 /* LaunchScreen.storyboard in Resources */ = {isa = PBXBuildFile; fileRef = 842D419123E77A2D00872340 /* LaunchScreen.storyboard */; };
		842D41B623E77AB500872340 /* test_Notes_Model.framework in Frameworks */ = {isa = PBXBuildFile; fileRef = 842D41AD23E77AB500872340 /* test_Notes_Model.framework */; };
		842D41BF23E77AB500872340 /* test_Notes_Model.h in Headers */ = {isa = PBXBuildFile; fileRef = 842D41AF23E77AB500872340 /* test_Notes_Model.h */; settings = {ATTRIBUTES = (Public, ); }; };
		842D41D923E77AC800872340 /* test_Notes_API.framework in Frameworks */ = {isa = PBXBuildFile; fileRef = 842D41D023E77AC700872340 /* test_Notes_API.framework */; };
		842D41E023E77AC800872340 /* test_Notes_APITests.swift in Sources */ = {isa = PBXBuildFile; fileRef = 842D41DF23E77AC800872340 /* test_Notes_APITests.swift */; };
		842D41E223E77AC800872340 /* test_Notes_API.h in Headers */ = {isa = PBXBuildFile; fileRef = 842D41D223E77AC700872340 /* test_Notes_API.h */; settings = {ATTRIBUTES = (Public, ); }; };
		842D41FB23E77B1000872340 /* test_Notes_App.framework in Frameworks */ = {isa = PBXBuildFile; fileRef = 842D41F223E77B1000872340 /* test_Notes_App.framework */; };
		842D420423E77B1000872340 /* test_Notes_App.h in Headers */ = {isa = PBXBuildFile; fileRef = 842D41F423E77B1000872340 /* test_Notes_App.h */; settings = {ATTRIBUTES = (Public, ); }; };
		842D420723E77B1000872340 /* test_Notes_App.framework in Frameworks */ = {isa = PBXBuildFile; fileRef = 842D41F223E77B1000872340 /* test_Notes_App.framework */; };
		842D420823E77B1000872340 /* test_Notes_App.framework in Embed Frameworks */ = {isa = PBXBuildFile; fileRef = 842D41F223E77B1000872340 /* test_Notes_App.framework */; settings = {ATTRIBUTES = (CodeSignOnCopy, RemoveHeadersOnCopy, ); }; };
		842D421023E77B2500872340 /* DetailViewController.swift in Sources */ = {isa = PBXBuildFile; fileRef = 842D418A23E77A2900872340 /* DetailViewController.swift */; };
		842D421123E77B3E00872340 /* Main.storyboard in Resources */ = {isa = PBXBuildFile; fileRef = 842D418C23E77A2900872340 /* Main.storyboard */; };
		842D421223E77B4500872340 /* Assets.xcassets in Resources */ = {isa = PBXBuildFile; fileRef = 842D418F23E77A2D00872340 /* Assets.xcassets */; };
		842D421C23E77DD900872340 /* test_Notes_Model.framework in Frameworks */ = {isa = PBXBuildFile; fileRef = 842D41AD23E77AB500872340 /* test_Notes_Model.framework */; };
		842D421D23E77DF100872340 /* test_Notes_API.framework in Frameworks */ = {isa = PBXBuildFile; fileRef = 842D41D023E77AC700872340 /* test_Notes_API.framework */; };
		842D421E23E77DF100872340 /* test_Notes_API.framework in Embed Frameworks */ = {isa = PBXBuildFile; fileRef = 842D41D023E77AC700872340 /* test_Notes_API.framework */; settings = {ATTRIBUTES = (RemoveHeadersOnCopy, ); }; };
		842D422023E77DF300872340 /* test_Notes_Model.framework in Frameworks */ = {isa = PBXBuildFile; fileRef = 842D41AD23E77AB500872340 /* test_Notes_Model.framework */; };
		842D422123E77DF300872340 /* test_Notes_Model.framework in Embed Frameworks */ = {isa = PBXBuildFile; fileRef = 842D41AD23E77AB500872340 /* test_Notes_Model.framework */; settings = {ATTRIBUTES = (RemoveHeadersOnCopy, ); }; };
		842D422323E781FD00872340 /* Note.swift in Sources */ = {isa = PBXBuildFile; fileRef = 842D422223E781FD00872340 /* Note.swift */; };
		842D422523E782A300872340 /* NoteImpl.swift in Sources */ = {isa = PBXBuildFile; fileRef = 842D422423E782A300872340 /* NoteImpl.swift */; };
		842D422723E7838400872340 /* ListRequest.swift in Sources */ = {isa = PBXBuildFile; fileRef = 842D422623E7838400872340 /* ListRequest.swift */; };
		842D422923E783AD00872340 /* Request.swift in Sources */ = {isa = PBXBuildFile; fileRef = 842D422823E783AD00872340 /* Request.swift */; };
		842D422B23E7866400872340 /* ListRequestImpl.swift in Sources */ = {isa = PBXBuildFile; fileRef = 842D422A23E7866400872340 /* ListRequestImpl.swift */; };
		842D422D23E795A500872340 /* RequestManagerImpl.swift in Sources */ = {isa = PBXBuildFile; fileRef = 842D422C23E795A500872340 /* RequestManagerImpl.swift */; };
		842D422F23E823CE00872340 /* RequestManager.swift in Sources */ = {isa = PBXBuildFile; fileRef = 842D422E23E823CE00872340 /* RequestManager.swift */; };
		842D423123E824A700872340 /* MockProtocol.swift in Sources */ = {isa = PBXBuildFile; fileRef = 842D423023E824A700872340 /* MockProtocol.swift */; };
		842D423623E82F3800872340 /* test_Notes_ModelTests.swift in Sources */ = {isa = PBXBuildFile; fileRef = 842D423523E82F3800872340 /* test_Notes_ModelTests.swift */; };
		87ACDE6602A01309D24D331E /* Pods_test_Notes.framework in Frameworks */ = {isa = PBXBuildFile; fileRef = 3388B847FFD26E6FF639EAC5 /* Pods_test_Notes.framework */; };
		C45BDA9D03176B279351437E /* MasterViewInput.swift in Sources */ = {isa = PBXBuildFile; fileRef = 3031CD10D14CBCED8280F242 /* MasterViewInput.swift */; };
		D7DA106944EC85FFB6717491 /* MasterConfiguratorTests.swift in Sources */ = {isa = PBXBuildFile; fileRef = A4E536908373AD6F5A46A1B8 /* MasterConfiguratorTests.swift */; };
		DBF226E68957FA4A1FAC851A /* MasterConfigurator.swift in Sources */ = {isa = PBXBuildFile; fileRef = FB5A22B10C4DCE78DB42490D /* MasterConfigurator.swift */; };
		DF3575917D6AEBB7713F51EB /* Pods_test_Notes_Model_test_Notes_ModelTests.framework in Frameworks */ = {isa = PBXBuildFile; fileRef = 1DAC471911D41A6456D6CD21 /* Pods_test_Notes_Model_test_Notes_ModelTests.framework */; };
		E446C4E92A839ABBBDA5205C /* MasterInteractorInput.swift in Sources */ = {isa = PBXBuildFile; fileRef = E8C3036EDE227D354092149F /* MasterInteractorInput.swift */; };
		E6A5958CEA498E1C6404CE03 /* MasterViewOutput.swift in Sources */ = {isa = PBXBuildFile; fileRef = E0F69FC716898B0B72BCBA0C /* MasterViewOutput.swift */; };
		E7073B2355E05F7E1577E5A8 /* MasterRouter.swift in Sources */ = {isa = PBXBuildFile; fileRef = 4768892396FD4506704E21CB /* MasterRouter.swift */; };
		F3C34678967A546AAD3A0F59 /* MasterViewController.swift in Sources */ = {isa = PBXBuildFile; fileRef = 0A51AEE97A7B2B802D90A3F3 /* MasterViewController.swift */; };
		FB2034F3CF57FD8E4143F96F /* Pods_test_Notes_App.framework in Frameworks */ = {isa = PBXBuildFile; fileRef = 074DC4C56EC01E96101819A5 /* Pods_test_Notes_App.framework */; };
		FEED04553321641CC8256A81 /* Pods_test_Notes_API_test_Notes_APITests.framework in Frameworks */ = {isa = PBXBuildFile; fileRef = EECA74C791E220D38816DFB3 /* Pods_test_Notes_API_test_Notes_APITests.framework */; };
/* End PBXBuildFile section */

/* Begin PBXContainerItemProxy section */
		842D41B723E77AB500872340 /* PBXContainerItemProxy */ = {
			isa = PBXContainerItemProxy;
			containerPortal = 842D417923E77A2900872340 /* Project object */;
			proxyType = 1;
			remoteGlobalIDString = 842D41AC23E77AB500872340;
			remoteInfo = test.Notes.Model;
		};
		842D41B923E77AB500872340 /* PBXContainerItemProxy */ = {
			isa = PBXContainerItemProxy;
			containerPortal = 842D417923E77A2900872340 /* Project object */;
			proxyType = 1;
			remoteGlobalIDString = 842D418023E77A2900872340;
			remoteInfo = test.Notes;
		};
		842D41DA23E77AC800872340 /* PBXContainerItemProxy */ = {
			isa = PBXContainerItemProxy;
			containerPortal = 842D417923E77A2900872340 /* Project object */;
			proxyType = 1;
			remoteGlobalIDString = 842D41CF23E77AC700872340;
			remoteInfo = test.Notes.API;
		};
		842D41DC23E77AC800872340 /* PBXContainerItemProxy */ = {
			isa = PBXContainerItemProxy;
			containerPortal = 842D417923E77A2900872340 /* Project object */;
			proxyType = 1;
			remoteGlobalIDString = 842D418023E77A2900872340;
			remoteInfo = test.Notes;
		};
		842D41FC23E77B1000872340 /* PBXContainerItemProxy */ = {
			isa = PBXContainerItemProxy;
			containerPortal = 842D417923E77A2900872340 /* Project object */;
			proxyType = 1;
			remoteGlobalIDString = 842D41F123E77B1000872340;
			remoteInfo = test.Notes.App;
		};
		842D41FE23E77B1000872340 /* PBXContainerItemProxy */ = {
			isa = PBXContainerItemProxy;
			containerPortal = 842D417923E77A2900872340 /* Project object */;
			proxyType = 1;
			remoteGlobalIDString = 842D418023E77A2900872340;
			remoteInfo = test.Notes;
		};
		842D420523E77B1000872340 /* PBXContainerItemProxy */ = {
			isa = PBXContainerItemProxy;
			containerPortal = 842D417923E77A2900872340 /* Project object */;
			proxyType = 1;
			remoteGlobalIDString = 842D41F123E77B1000872340;
			remoteInfo = test.Notes.App;
		};
		842D421323E77DC400872340 /* PBXContainerItemProxy */ = {
			isa = PBXContainerItemProxy;
			containerPortal = 842D417923E77A2900872340 /* Project object */;
			proxyType = 1;
			remoteGlobalIDString = 842D41AC23E77AB500872340;
			remoteInfo = test.Notes.Model;
		};
		842D421523E77DCA00872340 /* PBXContainerItemProxy */ = {
			isa = PBXContainerItemProxy;
			containerPortal = 842D417923E77A2900872340 /* Project object */;
			proxyType = 1;
			remoteGlobalIDString = 842D41CF23E77AC700872340;
			remoteInfo = test.Notes.API;
		};
		842D421723E77DCA00872340 /* PBXContainerItemProxy */ = {
			isa = PBXContainerItemProxy;
			containerPortal = 842D417923E77A2900872340 /* Project object */;
			proxyType = 1;
			remoteGlobalIDString = 842D41AC23E77AB500872340;
			remoteInfo = test.Notes.Model;
		};
/* End PBXContainerItemProxy section */

/* Begin PBXCopyFilesBuildPhase section */
		842D41C723E77AB500872340 /* Embed Frameworks */ = {
			isa = PBXCopyFilesBuildPhase;
			buildActionMask = 2147483647;
			dstPath = "";
			dstSubfolderSpec = 10;
			files = (
				842D420823E77B1000872340 /* test_Notes_App.framework in Embed Frameworks */,
			);
			name = "Embed Frameworks";
			runOnlyForDeploymentPostprocessing = 0;
		};
		842D421F23E77DF100872340 /* Embed Frameworks */ = {
			isa = PBXCopyFilesBuildPhase;
			buildActionMask = 2147483647;
			dstPath = "";
			dstSubfolderSpec = 10;
			files = (
				842D422123E77DF300872340 /* test_Notes_Model.framework in Embed Frameworks */,
				842D421E23E77DF100872340 /* test_Notes_API.framework in Embed Frameworks */,
			);
			name = "Embed Frameworks";
			runOnlyForDeploymentPostprocessing = 0;
		};
/* End PBXCopyFilesBuildPhase section */

/* Begin PBXFileReference section */
		05CA20897850A377B7D4B1AD /* MasterInteractorTests.swift */ = {isa = PBXFileReference; includeInIndex = 1; lastKnownFileType = sourcecode.swift; path = MasterInteractorTests.swift; sourceTree = "<group>"; };
		074DC4C56EC01E96101819A5 /* Pods_test_Notes_App.framework */ = {isa = PBXFileReference; explicitFileType = wrapper.framework; includeInIndex = 0; path = Pods_test_Notes_App.framework; sourceTree = BUILT_PRODUCTS_DIR; };
		0A51AEE97A7B2B802D90A3F3 /* MasterViewController.swift */ = {isa = PBXFileReference; includeInIndex = 1; lastKnownFileType = sourcecode.swift; path = MasterViewController.swift; sourceTree = "<group>"; };
		0B3CE8571D1BAEA4CEFC95D5 /* Pods-test.Notes.release.xcconfig */ = {isa = PBXFileReference; includeInIndex = 1; lastKnownFileType = text.xcconfig; name = "Pods-test.Notes.release.xcconfig"; path = "Target Support Files/Pods-test.Notes/Pods-test.Notes.release.xcconfig"; sourceTree = "<group>"; };
		0F5AA6ACC74BFDCFAC097EBD /* MasterViewTests.swift */ = {isa = PBXFileReference; includeInIndex = 1; lastKnownFileType = sourcecode.swift; path = MasterViewTests.swift; sourceTree = "<group>"; };
		1809184413D6B352663D7651 /* Pods-test.Notes.API.release.xcconfig */ = {isa = PBXFileReference; includeInIndex = 1; lastKnownFileType = text.xcconfig; name = "Pods-test.Notes.API.release.xcconfig"; path = "Target Support Files/Pods-test.Notes.API/Pods-test.Notes.API.release.xcconfig"; sourceTree = "<group>"; };
		195AD2BA308D2DCBA6455211 /* MasterInitializer.swift */ = {isa = PBXFileReference; includeInIndex = 1; lastKnownFileType = sourcecode.swift; path = MasterInitializer.swift; sourceTree = "<group>"; };
		1B3DEA0CBA01066FC3356EDC /* Pods-test.Notes-test.NotesTests.debug.xcconfig */ = {isa = PBXFileReference; includeInIndex = 1; lastKnownFileType = text.xcconfig; name = "Pods-test.Notes-test.NotesTests.debug.xcconfig"; path = "Target Support Files/Pods-test.Notes-test.NotesTests/Pods-test.Notes-test.NotesTests.debug.xcconfig"; sourceTree = "<group>"; };
		1CB934FE64538A146B12121D /* MasterInteractor.swift */ = {isa = PBXFileReference; includeInIndex = 1; lastKnownFileType = sourcecode.swift; path = MasterInteractor.swift; sourceTree = "<group>"; };
		1DAC471911D41A6456D6CD21 /* Pods_test_Notes_Model_test_Notes_ModelTests.framework */ = {isa = PBXFileReference; explicitFileType = wrapper.framework; includeInIndex = 0; path = Pods_test_Notes_Model_test_Notes_ModelTests.framework; sourceTree = BUILT_PRODUCTS_DIR; };
		1DC77249A9F6FD0016585805 /* Pods-test.Notes.API-test.Notes.APITests.release.xcconfig */ = {isa = PBXFileReference; includeInIndex = 1; lastKnownFileType = text.xcconfig; name = "Pods-test.Notes.API-test.Notes.APITests.release.xcconfig"; path = "Target Support Files/Pods-test.Notes.API-test.Notes.APITests/Pods-test.Notes.API-test.Notes.APITests.release.xcconfig"; sourceTree = "<group>"; };
		2D9C502879CEBC5680046698 /* Pods-test.Notes.Model.debug.xcconfig */ = {isa = PBXFileReference; includeInIndex = 1; lastKnownFileType = text.xcconfig; name = "Pods-test.Notes.Model.debug.xcconfig"; path = "Target Support Files/Pods-test.Notes.Model/Pods-test.Notes.Model.debug.xcconfig"; sourceTree = "<group>"; };
		3031CD10D14CBCED8280F242 /* MasterViewInput.swift */ = {isa = PBXFileReference; includeInIndex = 1; lastKnownFileType = sourcecode.swift; path = MasterViewInput.swift; sourceTree = "<group>"; };
		3388B847FFD26E6FF639EAC5 /* Pods_test_Notes.framework */ = {isa = PBXFileReference; explicitFileType = wrapper.framework; includeInIndex = 0; path = Pods_test_Notes.framework; sourceTree = BUILT_PRODUCTS_DIR; };
		403CAE3ABFE7FF1B4E08D3D3 /* MasterRouterTests.swift */ = {isa = PBXFileReference; includeInIndex = 1; lastKnownFileType = sourcecode.swift; path = MasterRouterTests.swift; sourceTree = "<group>"; };
		4768892396FD4506704E21CB /* MasterRouter.swift */ = {isa = PBXFileReference; includeInIndex = 1; lastKnownFileType = sourcecode.swift; path = MasterRouter.swift; sourceTree = "<group>"; };
		53AE506EE4F551C898339C4E /* MasterInteractorOutput.swift */ = {isa = PBXFileReference; includeInIndex = 1; lastKnownFileType = sourcecode.swift; path = MasterInteractorOutput.swift; sourceTree = "<group>"; };
		56D5F997D830105FEC3535C9 /* MasterPresenterTests.swift */ = {isa = PBXFileReference; includeInIndex = 1; lastKnownFileType = sourcecode.swift; path = MasterPresenterTests.swift; sourceTree = "<group>"; };
		5D5C9C24C09143EFBF887E13 /* Pods-test.Notes-test.NotesTests.release.xcconfig */ = {isa = PBXFileReference; includeInIndex = 1; lastKnownFileType = text.xcconfig; name = "Pods-test.Notes-test.NotesTests.release.xcconfig"; path = "Target Support Files/Pods-test.Notes-test.NotesTests/Pods-test.Notes-test.NotesTests.release.xcconfig"; sourceTree = "<group>"; };
		61CDAFE60EFED81453E3C527 /* Pods-test.Notes.Model-test.Notes.ModelTests.release.xcconfig */ = {isa = PBXFileReference; includeInIndex = 1; lastKnownFileType = text.xcconfig; name = "Pods-test.Notes.Model-test.Notes.ModelTests.release.xcconfig"; path = "Target Support Files/Pods-test.Notes.Model-test.Notes.ModelTests/Pods-test.Notes.Model-test.Notes.ModelTests.release.xcconfig"; sourceTree = "<group>"; };
		62294FC9EF68BF40B17F013C /* Pods-test.Notes.App.release.xcconfig */ = {isa = PBXFileReference; includeInIndex = 1; lastKnownFileType = text.xcconfig; name = "Pods-test.Notes.App.release.xcconfig"; path = "Target Support Files/Pods-test.Notes.App/Pods-test.Notes.App.release.xcconfig"; sourceTree = "<group>"; };
		719BCEA552CDF2F7C4433AF4 /* Pods-test.Notes.App-test.Notes.AppTests.debug.xcconfig */ = {isa = PBXFileReference; includeInIndex = 1; lastKnownFileType = text.xcconfig; name = "Pods-test.Notes.App-test.Notes.AppTests.debug.xcconfig"; path = "Target Support Files/Pods-test.Notes.App-test.Notes.AppTests/Pods-test.Notes.App-test.Notes.AppTests.debug.xcconfig"; sourceTree = "<group>"; };
		71E1EA889941A0D25EAEA3A3 /* MasterRouterInput.swift */ = {isa = PBXFileReference; includeInIndex = 1; lastKnownFileType = sourcecode.swift; path = MasterRouterInput.swift; sourceTree = "<group>"; };
		84164E5023E98934008DC3E8 /* NoteRequest.swift */ = {isa = PBXFileReference; lastKnownFileType = sourcecode.swift; path = NoteRequest.swift; sourceTree = "<group>"; };
		84164E5223E98996008DC3E8 /* NoteRequestImpl.swift */ = {isa = PBXFileReference; lastKnownFileType = sourcecode.swift; path = NoteRequestImpl.swift; sourceTree = "<group>"; };
		84164E5423E99DF6008DC3E8 /* SetupNoteRequest.swift */ = {isa = PBXFileReference; lastKnownFileType = sourcecode.swift; path = SetupNoteRequest.swift; sourceTree = "<group>"; };
		84164E5623E99F5B008DC3E8 /* DeleteNoteRequestImpl.swift */ = {isa = PBXFileReference; lastKnownFileType = sourcecode.swift; path = DeleteNoteRequestImpl.swift; sourceTree = "<group>"; };
		84164E5823E99F97008DC3E8 /* DeleteNoteRequest.swift */ = {isa = PBXFileReference; lastKnownFileType = sourcecode.swift; path = DeleteNoteRequest.swift; sourceTree = "<group>"; };
		84164E5A23E9A1A8008DC3E8 /* SetupNoteRequestImpl.swift */ = {isa = PBXFileReference; lastKnownFileType = sourcecode.swift; path = SetupNoteRequestImpl.swift; sourceTree = "<group>"; };
		84164E5D23EA300D008DC3E8 /* Resolver.swift */ = {isa = PBXFileReference; lastKnownFileType = sourcecode.swift; path = Resolver.swift; sourceTree = "<group>"; };
		842D418123E77A2900872340 /* test.Notes.app */ = {isa = PBXFileReference; explicitFileType = wrapper.application; includeInIndex = 0; path = test.Notes.app; sourceTree = BUILT_PRODUCTS_DIR; };
		842D418423E77A2900872340 /* AppDelegate.swift */ = {isa = PBXFileReference; lastKnownFileType = sourcecode.swift; path = AppDelegate.swift; sourceTree = "<group>"; };
		842D418623E77A2900872340 /* SceneDelegate.swift */ = {isa = PBXFileReference; lastKnownFileType = sourcecode.swift; path = SceneDelegate.swift; sourceTree = "<group>"; };
		842D418A23E77A2900872340 /* DetailViewController.swift */ = {isa = PBXFileReference; lastKnownFileType = sourcecode.swift; path = DetailViewController.swift; sourceTree = "<group>"; };
		842D418D23E77A2900872340 /* Base */ = {isa = PBXFileReference; lastKnownFileType = file.storyboard; name = Base; path = Base.lproj/Main.storyboard; sourceTree = "<group>"; };
		842D418F23E77A2D00872340 /* Assets.xcassets */ = {isa = PBXFileReference; lastKnownFileType = folder.assetcatalog; path = Assets.xcassets; sourceTree = "<group>"; };
		842D419223E77A2D00872340 /* Base */ = {isa = PBXFileReference; lastKnownFileType = file.storyboard; name = Base; path = Base.lproj/LaunchScreen.storyboard; sourceTree = "<group>"; };
		842D419423E77A2D00872340 /* Info.plist */ = {isa = PBXFileReference; lastKnownFileType = text.plist.xml; path = Info.plist; sourceTree = "<group>"; };
		842D41AD23E77AB500872340 /* test_Notes_Model.framework */ = {isa = PBXFileReference; explicitFileType = wrapper.framework; includeInIndex = 0; path = test_Notes_Model.framework; sourceTree = BUILT_PRODUCTS_DIR; };
		842D41AF23E77AB500872340 /* test_Notes_Model.h */ = {isa = PBXFileReference; lastKnownFileType = sourcecode.c.h; path = test_Notes_Model.h; sourceTree = "<group>"; };
		842D41B023E77AB500872340 /* Info.plist */ = {isa = PBXFileReference; lastKnownFileType = text.plist.xml; path = Info.plist; sourceTree = "<group>"; };
		842D41B523E77AB500872340 /* test.Notes.ModelTests.xctest */ = {isa = PBXFileReference; explicitFileType = wrapper.cfbundle; includeInIndex = 0; path = test.Notes.ModelTests.xctest; sourceTree = BUILT_PRODUCTS_DIR; };
		842D41BE23E77AB500872340 /* Info.plist */ = {isa = PBXFileReference; lastKnownFileType = text.plist.xml; path = Info.plist; sourceTree = "<group>"; };
		842D41D023E77AC700872340 /* test_Notes_API.framework */ = {isa = PBXFileReference; explicitFileType = wrapper.framework; includeInIndex = 0; path = test_Notes_API.framework; sourceTree = BUILT_PRODUCTS_DIR; };
		842D41D223E77AC700872340 /* test_Notes_API.h */ = {isa = PBXFileReference; lastKnownFileType = sourcecode.c.h; path = test_Notes_API.h; sourceTree = "<group>"; };
		842D41D323E77AC700872340 /* Info.plist */ = {isa = PBXFileReference; lastKnownFileType = text.plist.xml; path = Info.plist; sourceTree = "<group>"; };
		842D41D823E77AC800872340 /* test.Notes.APITests.xctest */ = {isa = PBXFileReference; explicitFileType = wrapper.cfbundle; includeInIndex = 0; path = test.Notes.APITests.xctest; sourceTree = BUILT_PRODUCTS_DIR; };
		842D41DF23E77AC800872340 /* test_Notes_APITests.swift */ = {isa = PBXFileReference; lastKnownFileType = sourcecode.swift; path = test_Notes_APITests.swift; sourceTree = "<group>"; };
		842D41E123E77AC800872340 /* Info.plist */ = {isa = PBXFileReference; lastKnownFileType = text.plist.xml; path = Info.plist; sourceTree = "<group>"; };
		842D41F223E77B1000872340 /* test_Notes_App.framework */ = {isa = PBXFileReference; explicitFileType = wrapper.framework; includeInIndex = 0; path = test_Notes_App.framework; sourceTree = BUILT_PRODUCTS_DIR; };
		842D41F423E77B1000872340 /* test_Notes_App.h */ = {isa = PBXFileReference; lastKnownFileType = sourcecode.c.h; path = test_Notes_App.h; sourceTree = "<group>"; };
		842D41F523E77B1000872340 /* Info.plist */ = {isa = PBXFileReference; lastKnownFileType = text.plist.xml; path = Info.plist; sourceTree = "<group>"; };
		842D41FA23E77B1000872340 /* test.Notes.AppTests.xctest */ = {isa = PBXFileReference; explicitFileType = wrapper.cfbundle; includeInIndex = 0; path = test.Notes.AppTests.xctest; sourceTree = BUILT_PRODUCTS_DIR; };
		842D420323E77B1000872340 /* Info.plist */ = {isa = PBXFileReference; lastKnownFileType = text.plist.xml; path = Info.plist; sourceTree = "<group>"; };
		842D422223E781FD00872340 /* Note.swift */ = {isa = PBXFileReference; lastKnownFileType = sourcecode.swift; path = Note.swift; sourceTree = "<group>"; };
		842D422423E782A300872340 /* NoteImpl.swift */ = {isa = PBXFileReference; lastKnownFileType = sourcecode.swift; path = NoteImpl.swift; sourceTree = "<group>"; };
		842D422623E7838400872340 /* ListRequest.swift */ = {isa = PBXFileReference; lastKnownFileType = sourcecode.swift; path = ListRequest.swift; sourceTree = "<group>"; };
		842D422823E783AD00872340 /* Request.swift */ = {isa = PBXFileReference; lastKnownFileType = sourcecode.swift; path = Request.swift; sourceTree = "<group>"; };
		842D422A23E7866400872340 /* ListRequestImpl.swift */ = {isa = PBXFileReference; lastKnownFileType = sourcecode.swift; path = ListRequestImpl.swift; sourceTree = "<group>"; };
		842D422C23E795A500872340 /* RequestManagerImpl.swift */ = {isa = PBXFileReference; lastKnownFileType = sourcecode.swift; path = RequestManagerImpl.swift; sourceTree = "<group>"; };
		842D422E23E823CE00872340 /* RequestManager.swift */ = {isa = PBXFileReference; lastKnownFileType = sourcecode.swift; path = RequestManager.swift; sourceTree = "<group>"; };
		842D423023E824A700872340 /* MockProtocol.swift */ = {isa = PBXFileReference; lastKnownFileType = sourcecode.swift; path = MockProtocol.swift; sourceTree = "<group>"; };
		842D423523E82F3800872340 /* test_Notes_ModelTests.swift */ = {isa = PBXFileReference; lastKnownFileType = sourcecode.swift; path = test_Notes_ModelTests.swift; sourceTree = "<group>"; };
		8F6AB7D38FC5CDF73B6A8C4C /* MasterPresenter.swift */ = {isa = PBXFileReference; includeInIndex = 1; lastKnownFileType = sourcecode.swift; path = MasterPresenter.swift; sourceTree = "<group>"; };
		92F478C8FD12718A0B91EFD0 /* MasterModuleInput.swift */ = {isa = PBXFileReference; includeInIndex = 1; lastKnownFileType = sourcecode.swift; path = MasterModuleInput.swift; sourceTree = "<group>"; };
		93744329CFDF0012AE8626B2 /* Pods-test.Notes.Model.release.xcconfig */ = {isa = PBXFileReference; includeInIndex = 1; lastKnownFileType = text.xcconfig; name = "Pods-test.Notes.Model.release.xcconfig"; path = "Target Support Files/Pods-test.Notes.Model/Pods-test.Notes.Model.release.xcconfig"; sourceTree = "<group>"; };
		9B512BD80850C4DED488FBBD /* Pods-test.Notes.API.debug.xcconfig */ = {isa = PBXFileReference; includeInIndex = 1; lastKnownFileType = text.xcconfig; name = "Pods-test.Notes.API.debug.xcconfig"; path = "Target Support Files/Pods-test.Notes.API/Pods-test.Notes.API.debug.xcconfig"; sourceTree = "<group>"; };
		9C6AAD46D55A539332E15501 /* Pods_test_Notes_API.framework */ = {isa = PBXFileReference; explicitFileType = wrapper.framework; includeInIndex = 0; path = Pods_test_Notes_API.framework; sourceTree = BUILT_PRODUCTS_DIR; };
		A4E536908373AD6F5A46A1B8 /* MasterConfiguratorTests.swift */ = {isa = PBXFileReference; includeInIndex = 1; lastKnownFileType = sourcecode.swift; path = MasterConfiguratorTests.swift; sourceTree = "<group>"; };
		B72290AA9238CEB7F6902EAD /* Pods-test.Notes.App.debug.xcconfig */ = {isa = PBXFileReference; includeInIndex = 1; lastKnownFileType = text.xcconfig; name = "Pods-test.Notes.App.debug.xcconfig"; path = "Target Support Files/Pods-test.Notes.App/Pods-test.Notes.App.debug.xcconfig"; sourceTree = "<group>"; };
		B8D476450BE5901FF5E4B925 /* Pods-test.Notes.Model-test.Notes.ModelTests.debug.xcconfig */ = {isa = PBXFileReference; includeInIndex = 1; lastKnownFileType = text.xcconfig; name = "Pods-test.Notes.Model-test.Notes.ModelTests.debug.xcconfig"; path = "Target Support Files/Pods-test.Notes.Model-test.Notes.ModelTests/Pods-test.Notes.Model-test.Notes.ModelTests.debug.xcconfig"; sourceTree = "<group>"; };
		BD34D2FAFD3D51A6FBD1126A /* Pods_test_Notes_Model.framework */ = {isa = PBXFileReference; explicitFileType = wrapper.framework; includeInIndex = 0; path = Pods_test_Notes_Model.framework; sourceTree = BUILT_PRODUCTS_DIR; };
		D1C6703D7CAED17547A5ED73 /* Pods_test_Notes_test_NotesTests.framework */ = {isa = PBXFileReference; explicitFileType = wrapper.framework; includeInIndex = 0; path = Pods_test_Notes_test_NotesTests.framework; sourceTree = BUILT_PRODUCTS_DIR; };
		E076134A3CD29E702A7F02E3 /* Pods-test.Notes.API-test.Notes.APITests.debug.xcconfig */ = {isa = PBXFileReference; includeInIndex = 1; lastKnownFileType = text.xcconfig; name = "Pods-test.Notes.API-test.Notes.APITests.debug.xcconfig"; path = "Target Support Files/Pods-test.Notes.API-test.Notes.APITests/Pods-test.Notes.API-test.Notes.APITests.debug.xcconfig"; sourceTree = "<group>"; };
		E0F69FC716898B0B72BCBA0C /* MasterViewOutput.swift */ = {isa = PBXFileReference; includeInIndex = 1; lastKnownFileType = sourcecode.swift; path = MasterViewOutput.swift; sourceTree = "<group>"; };
		E23C7C4C36323986CCF9076B /* Pods-test.Notes.debug.xcconfig */ = {isa = PBXFileReference; includeInIndex = 1; lastKnownFileType = text.xcconfig; name = "Pods-test.Notes.debug.xcconfig"; path = "Target Support Files/Pods-test.Notes/Pods-test.Notes.debug.xcconfig"; sourceTree = "<group>"; };
		E8C3036EDE227D354092149F /* MasterInteractorInput.swift */ = {isa = PBXFileReference; includeInIndex = 1; lastKnownFileType = sourcecode.swift; path = MasterInteractorInput.swift; sourceTree = "<group>"; };
		EECA74C791E220D38816DFB3 /* Pods_test_Notes_API_test_Notes_APITests.framework */ = {isa = PBXFileReference; explicitFileType = wrapper.framework; includeInIndex = 0; path = Pods_test_Notes_API_test_Notes_APITests.framework; sourceTree = BUILT_PRODUCTS_DIR; };
		EF74B4FA0E4FE10616DABDB7 /* Pods-test.Notes.App-test.Notes.AppTests.release.xcconfig */ = {isa = PBXFileReference; includeInIndex = 1; lastKnownFileType = text.xcconfig; name = "Pods-test.Notes.App-test.Notes.AppTests.release.xcconfig"; path = "Target Support Files/Pods-test.Notes.App-test.Notes.AppTests/Pods-test.Notes.App-test.Notes.AppTests.release.xcconfig"; sourceTree = "<group>"; };
		FB5A22B10C4DCE78DB42490D /* MasterConfigurator.swift */ = {isa = PBXFileReference; includeInIndex = 1; lastKnownFileType = sourcecode.swift; path = MasterConfigurator.swift; sourceTree = "<group>"; };
		FC4066F868931E0205EFE2AE /* Pods_test_Notes_App_test_Notes_AppTests.framework */ = {isa = PBXFileReference; explicitFileType = wrapper.framework; includeInIndex = 0; path = Pods_test_Notes_App_test_Notes_AppTests.framework; sourceTree = BUILT_PRODUCTS_DIR; };
/* End PBXFileReference section */

/* Begin PBXFrameworksBuildPhase section */
		842D417E23E77A2900872340 /* Frameworks */ = {
			isa = PBXFrameworksBuildPhase;
			buildActionMask = 2147483647;
			files = (
				842D420723E77B1000872340 /* test_Notes_App.framework in Frameworks */,
				87ACDE6602A01309D24D331E /* Pods_test_Notes.framework in Frameworks */,
			);
			runOnlyForDeploymentPostprocessing = 0;
		};
		842D41AA23E77AB500872340 /* Frameworks */ = {
			isa = PBXFrameworksBuildPhase;
			buildActionMask = 2147483647;
			files = (
				058697425A78619ED45EB2E1 /* Pods_test_Notes_Model.framework in Frameworks */,
			);
			runOnlyForDeploymentPostprocessing = 0;
		};
		842D41B223E77AB500872340 /* Frameworks */ = {
			isa = PBXFrameworksBuildPhase;
			buildActionMask = 2147483647;
			files = (
				842D41B623E77AB500872340 /* test_Notes_Model.framework in Frameworks */,
				DF3575917D6AEBB7713F51EB /* Pods_test_Notes_Model_test_Notes_ModelTests.framework in Frameworks */,
			);
			runOnlyForDeploymentPostprocessing = 0;
		};
		842D41CD23E77AC700872340 /* Frameworks */ = {
			isa = PBXFrameworksBuildPhase;
			buildActionMask = 2147483647;
			files = (
				842D421C23E77DD900872340 /* test_Notes_Model.framework in Frameworks */,
				30060AD3AF89B06EBE4F5F3B /* Pods_test_Notes_API.framework in Frameworks */,
			);
			runOnlyForDeploymentPostprocessing = 0;
		};
		842D41D523E77AC800872340 /* Frameworks */ = {
			isa = PBXFrameworksBuildPhase;
			buildActionMask = 2147483647;
			files = (
				842D41D923E77AC800872340 /* test_Notes_API.framework in Frameworks */,
				FEED04553321641CC8256A81 /* Pods_test_Notes_API_test_Notes_APITests.framework in Frameworks */,
			);
			runOnlyForDeploymentPostprocessing = 0;
		};
		842D41EF23E77B1000872340 /* Frameworks */ = {
			isa = PBXFrameworksBuildPhase;
			buildActionMask = 2147483647;
			files = (
				842D422023E77DF300872340 /* test_Notes_Model.framework in Frameworks */,
				842D421D23E77DF100872340 /* test_Notes_API.framework in Frameworks */,
				FB2034F3CF57FD8E4143F96F /* Pods_test_Notes_App.framework in Frameworks */,
			);
			runOnlyForDeploymentPostprocessing = 0;
		};
		842D41F723E77B1000872340 /* Frameworks */ = {
			isa = PBXFrameworksBuildPhase;
			buildActionMask = 2147483647;
			files = (
				842D41FB23E77B1000872340 /* test_Notes_App.framework in Frameworks */,
				1C4DEAF25188B06227B18CBD /* Pods_test_Notes_App_test_Notes_AppTests.framework in Frameworks */,
			);
			runOnlyForDeploymentPostprocessing = 0;
		};
/* End PBXFrameworksBuildPhase section */

/* Begin PBXGroup section */
		155079B39740FFA7ED1D38DA /* View */ = {
			isa = PBXGroup;
			children = (
				3031CD10D14CBCED8280F242 /* MasterViewInput.swift */,
				E0F69FC716898B0B72BCBA0C /* MasterViewOutput.swift */,
				0A51AEE97A7B2B802D90A3F3 /* MasterViewController.swift */,
			);
			path = View;
			sourceTree = "<group>";
		};
		37B520FDE6BB7C4004628828 /* Configurator */ = {
			isa = PBXGroup;
			children = (
				FB5A22B10C4DCE78DB42490D /* MasterConfigurator.swift */,
				195AD2BA308D2DCBA6455211 /* MasterInitializer.swift */,
			);
			path = Configurator;
			sourceTree = "<group>";
		};
		6BB48413637F9FEDD64A3F14 /* Master */ = {
			isa = PBXGroup;
			children = (
				C58D2A6FD4876092A01C19C8 /* Configurator */,
				750A02ECDD86F090454F762E /* View */,
				ADD3A9C8AF06F80BE1CB783F /* Interactor */,
				CCA29A4BB7AB0AAA4DF127FC /* Presenter */,
				BF82D6744CBD817AA7E53431 /* Router */,
			);
			path = Master;
			sourceTree = "<group>";
		};
		7441D2E60764A6E67166141F /* Pods */ = {
			isa = PBXGroup;
			children = (
				E23C7C4C36323986CCF9076B /* Pods-test.Notes.debug.xcconfig */,
				0B3CE8571D1BAEA4CEFC95D5 /* Pods-test.Notes.release.xcconfig */,
				9B512BD80850C4DED488FBBD /* Pods-test.Notes.API.debug.xcconfig */,
				1809184413D6B352663D7651 /* Pods-test.Notes.API.release.xcconfig */,
				E076134A3CD29E702A7F02E3 /* Pods-test.Notes.API-test.Notes.APITests.debug.xcconfig */,
				1DC77249A9F6FD0016585805 /* Pods-test.Notes.API-test.Notes.APITests.release.xcconfig */,
				B72290AA9238CEB7F6902EAD /* Pods-test.Notes.App.debug.xcconfig */,
				62294FC9EF68BF40B17F013C /* Pods-test.Notes.App.release.xcconfig */,
				719BCEA552CDF2F7C4433AF4 /* Pods-test.Notes.App-test.Notes.AppTests.debug.xcconfig */,
				EF74B4FA0E4FE10616DABDB7 /* Pods-test.Notes.App-test.Notes.AppTests.release.xcconfig */,
				2D9C502879CEBC5680046698 /* Pods-test.Notes.Model.debug.xcconfig */,
				93744329CFDF0012AE8626B2 /* Pods-test.Notes.Model.release.xcconfig */,
				B8D476450BE5901FF5E4B925 /* Pods-test.Notes.Model-test.Notes.ModelTests.debug.xcconfig */,
				61CDAFE60EFED81453E3C527 /* Pods-test.Notes.Model-test.Notes.ModelTests.release.xcconfig */,
				1B3DEA0CBA01066FC3356EDC /* Pods-test.Notes-test.NotesTests.debug.xcconfig */,
				5D5C9C24C09143EFBF887E13 /* Pods-test.Notes-test.NotesTests.release.xcconfig */,
			);
			path = Pods;
			sourceTree = "<group>";
		};
		750A02ECDD86F090454F762E /* View */ = {
			isa = PBXGroup;
			children = (
				0F5AA6ACC74BFDCFAC097EBD /* MasterViewTests.swift */,
			);
			path = View;
			sourceTree = "<group>";
		};
		80103B3C821D6A46F3AC4CB5 /* Master */ = {
			isa = PBXGroup;
			children = (
				155079B39740FFA7ED1D38DA /* View */,
				EA5CF799691B6EF0B3E814AF /* Presenter */,
				C51619D21FB878EB14170891 /* Interactor */,
				A95801A6F3809BE68489DE62 /* Router */,
				37B520FDE6BB7C4004628828 /* Configurator */,
			);
			path = Master;
			sourceTree = "<group>";
		};
		84164E5C23EA2FC2008DC3E8 /* Common */ = {
			isa = PBXGroup;
			children = (
				84164E5D23EA300D008DC3E8 /* Resolver.swift */,
			);
			path = Common;
			sourceTree = "<group>";
		};
		842D417823E77A2900872340 = {
			isa = PBXGroup;
			children = (
				842D418323E77A2900872340 /* test.Notes */,
				842D41AE23E77AB500872340 /* test.Notes.Model */,
				842D41BB23E77AB500872340 /* test.Notes.ModelTests */,
				842D41D123E77AC700872340 /* test.Notes.API */,
				842D41DE23E77AC800872340 /* test.Notes.APITests */,
				842D41F323E77B1000872340 /* test.Notes.App */,
				842D420023E77B1000872340 /* test.Notes.AppTests */,
				842D418223E77A2900872340 /* Products */,
				842D421923E77DD300872340 /* Frameworks */,
				7441D2E60764A6E67166141F /* Pods */,
			);
			sourceTree = "<group>";
		};
		842D418223E77A2900872340 /* Products */ = {
			isa = PBXGroup;
			children = (
				842D418123E77A2900872340 /* test.Notes.app */,
				842D41AD23E77AB500872340 /* test_Notes_Model.framework */,
				842D41B523E77AB500872340 /* test.Notes.ModelTests.xctest */,
				842D41D023E77AC700872340 /* test_Notes_API.framework */,
				842D41D823E77AC800872340 /* test.Notes.APITests.xctest */,
				842D41F223E77B1000872340 /* test_Notes_App.framework */,
				842D41FA23E77B1000872340 /* test.Notes.AppTests.xctest */,
			);
			name = Products;
			sourceTree = "<group>";
		};
		842D418323E77A2900872340 /* test.Notes */ = {
			isa = PBXGroup;
			children = (
				842D418423E77A2900872340 /* AppDelegate.swift */,
				842D418623E77A2900872340 /* SceneDelegate.swift */,
				842D419123E77A2D00872340 /* LaunchScreen.storyboard */,
				842D419423E77A2D00872340 /* Info.plist */,
			);
			path = test.Notes;
			sourceTree = "<group>";
		};
		842D41AE23E77AB500872340 /* test.Notes.Model */ = {
			isa = PBXGroup;
			children = (
				842D41AF23E77AB500872340 /* test_Notes_Model.h */,
				842D41B023E77AB500872340 /* Info.plist */,
				842D423723E879FA00872340 /* Interfaces */,
				842D422423E782A300872340 /* NoteImpl.swift */,
			);
			path = test.Notes.Model;
			sourceTree = "<group>";
		};
		842D41BB23E77AB500872340 /* test.Notes.ModelTests */ = {
			isa = PBXGroup;
			children = (
				842D41BE23E77AB500872340 /* Info.plist */,
				842D423523E82F3800872340 /* test_Notes_ModelTests.swift */,
			);
			path = test.Notes.ModelTests;
			sourceTree = "<group>";
		};
		842D41D123E77AC700872340 /* test.Notes.API */ = {
			isa = PBXGroup;
			children = (
				842D41D223E77AC700872340 /* test_Notes_API.h */,
				842D41D323E77AC700872340 /* Info.plist */,
				842D422C23E795A500872340 /* RequestManagerImpl.swift */,
				842D423223E8256B00872340 /* Interfaces */,
				842D422A23E7866400872340 /* ListRequestImpl.swift */,
				84164E5223E98996008DC3E8 /* NoteRequestImpl.swift */,
				84164E5623E99F5B008DC3E8 /* DeleteNoteRequestImpl.swift */,
				84164E5A23E9A1A8008DC3E8 /* SetupNoteRequestImpl.swift */,
			);
			path = test.Notes.API;
			sourceTree = "<group>";
		};
		842D41DE23E77AC800872340 /* test.Notes.APITests */ = {
			isa = PBXGroup;
			children = (
				842D41DF23E77AC800872340 /* test_Notes_APITests.swift */,
				842D41E123E77AC800872340 /* Info.plist */,
				842D423023E824A700872340 /* MockProtocol.swift */,
			);
			path = test.Notes.APITests;
			sourceTree = "<group>";
		};
		842D41F323E77B1000872340 /* test.Notes.App */ = {
			isa = PBXGroup;
			children = (
				842D418F23E77A2D00872340 /* Assets.xcassets */,
				842D418C23E77A2900872340 /* Main.storyboard */,
				842D418A23E77A2900872340 /* DetailViewController.swift */,
				842D41F423E77B1000872340 /* test_Notes_App.h */,
				842D41F523E77B1000872340 /* Info.plist */,
				84164E5C23EA2FC2008DC3E8 /* Common */,
				80103B3C821D6A46F3AC4CB5 /* Master */,
			);
			path = test.Notes.App;
			sourceTree = "<group>";
		};
		842D420023E77B1000872340 /* test.Notes.AppTests */ = {
			isa = PBXGroup;
			children = (
				842D420323E77B1000872340 /* Info.plist */,
				6BB48413637F9FEDD64A3F14 /* Master */,
			);
			path = test.Notes.AppTests;
			sourceTree = "<group>";
		};
		842D421923E77DD300872340 /* Frameworks */ = {
			isa = PBXGroup;
			children = (
				3388B847FFD26E6FF639EAC5 /* Pods_test_Notes.framework */,
				9C6AAD46D55A539332E15501 /* Pods_test_Notes_API.framework */,
				EECA74C791E220D38816DFB3 /* Pods_test_Notes_API_test_Notes_APITests.framework */,
				074DC4C56EC01E96101819A5 /* Pods_test_Notes_App.framework */,
				FC4066F868931E0205EFE2AE /* Pods_test_Notes_App_test_Notes_AppTests.framework */,
				BD34D2FAFD3D51A6FBD1126A /* Pods_test_Notes_Model.framework */,
				1DAC471911D41A6456D6CD21 /* Pods_test_Notes_Model_test_Notes_ModelTests.framework */,
				D1C6703D7CAED17547A5ED73 /* Pods_test_Notes_test_NotesTests.framework */,
			);
			name = Frameworks;
			sourceTree = "<group>";
		};
		842D423223E8256B00872340 /* Interfaces */ = {
			isa = PBXGroup;
			children = (
				842D422823E783AD00872340 /* Request.swift */,
				842D422623E7838400872340 /* ListRequest.swift */,
				842D422E23E823CE00872340 /* RequestManager.swift */,
				84164E5023E98934008DC3E8 /* NoteRequest.swift */,
				84164E5423E99DF6008DC3E8 /* SetupNoteRequest.swift */,
				84164E5823E99F97008DC3E8 /* DeleteNoteRequest.swift */,
			);
			name = Interfaces;
			sourceTree = "<group>";
		};
		842D423723E879FA00872340 /* Interfaces */ = {
			isa = PBXGroup;
			children = (
				842D422223E781FD00872340 /* Note.swift */,
			);
			name = Interfaces;
			sourceTree = "<group>";
		};
		A95801A6F3809BE68489DE62 /* Router */ = {
			isa = PBXGroup;
			children = (
				71E1EA889941A0D25EAEA3A3 /* MasterRouterInput.swift */,
				4768892396FD4506704E21CB /* MasterRouter.swift */,
			);
			path = Router;
			sourceTree = "<group>";
		};
		ADD3A9C8AF06F80BE1CB783F /* Interactor */ = {
			isa = PBXGroup;
			children = (
				05CA20897850A377B7D4B1AD /* MasterInteractorTests.swift */,
			);
			path = Interactor;
			sourceTree = "<group>";
		};
		BF82D6744CBD817AA7E53431 /* Router */ = {
			isa = PBXGroup;
			children = (
				403CAE3ABFE7FF1B4E08D3D3 /* MasterRouterTests.swift */,
			);
			path = Router;
			sourceTree = "<group>";
		};
		C51619D21FB878EB14170891 /* Interactor */ = {
			isa = PBXGroup;
			children = (
				E8C3036EDE227D354092149F /* MasterInteractorInput.swift */,
				53AE506EE4F551C898339C4E /* MasterInteractorOutput.swift */,
				1CB934FE64538A146B12121D /* MasterInteractor.swift */,
			);
			path = Interactor;
			sourceTree = "<group>";
		};
		C58D2A6FD4876092A01C19C8 /* Configurator */ = {
			isa = PBXGroup;
			children = (
				A4E536908373AD6F5A46A1B8 /* MasterConfiguratorTests.swift */,
			);
			path = Configurator;
			sourceTree = "<group>";
		};
		CCA29A4BB7AB0AAA4DF127FC /* Presenter */ = {
			isa = PBXGroup;
			children = (
				56D5F997D830105FEC3535C9 /* MasterPresenterTests.swift */,
			);
			path = Presenter;
			sourceTree = "<group>";
		};
		EA5CF799691B6EF0B3E814AF /* Presenter */ = {
			isa = PBXGroup;
			children = (
				92F478C8FD12718A0B91EFD0 /* MasterModuleInput.swift */,
				8F6AB7D38FC5CDF73B6A8C4C /* MasterPresenter.swift */,
			);
			path = Presenter;
			sourceTree = "<group>";
		};
/* End PBXGroup section */

/* Begin PBXHeadersBuildPhase section */
		842D41A823E77AB500872340 /* Headers */ = {
			isa = PBXHeadersBuildPhase;
			buildActionMask = 2147483647;
			files = (
				842D41BF23E77AB500872340 /* test_Notes_Model.h in Headers */,
			);
			runOnlyForDeploymentPostprocessing = 0;
		};
		842D41CB23E77AC700872340 /* Headers */ = {
			isa = PBXHeadersBuildPhase;
			buildActionMask = 2147483647;
			files = (
				842D41E223E77AC800872340 /* test_Notes_API.h in Headers */,
			);
			runOnlyForDeploymentPostprocessing = 0;
		};
		842D41ED23E77B1000872340 /* Headers */ = {
			isa = PBXHeadersBuildPhase;
			buildActionMask = 2147483647;
			files = (
				842D420423E77B1000872340 /* test_Notes_App.h in Headers */,
			);
			runOnlyForDeploymentPostprocessing = 0;
		};
/* End PBXHeadersBuildPhase section */

/* Begin PBXNativeTarget section */
		842D418023E77A2900872340 /* test.Notes */ = {
			isa = PBXNativeTarget;
			buildConfigurationList = 842D41A223E77A2D00872340 /* Build configuration list for PBXNativeTarget "test.Notes" */;
			buildPhases = (
				7D42A3170FE483BF18367217 /* [CP] Check Pods Manifest.lock */,
				842D417D23E77A2900872340 /* Sources */,
				842D417E23E77A2900872340 /* Frameworks */,
				842D417F23E77A2900872340 /* Resources */,
				842D41C723E77AB500872340 /* Embed Frameworks */,
			);
			buildRules = (
			);
			dependencies = (
				842D420623E77B1000872340 /* PBXTargetDependency */,
			);
			name = test.Notes;
			productName = test.Notes;
			productReference = 842D418123E77A2900872340 /* test.Notes.app */;
			productType = "com.apple.product-type.application";
		};
		842D41AC23E77AB500872340 /* test.Notes.Model */ = {
			isa = PBXNativeTarget;
			buildConfigurationList = 842D41C423E77AB500872340 /* Build configuration list for PBXNativeTarget "test.Notes.Model" */;
			buildPhases = (
				DB7007C51BABEA9A80B5C147 /* [CP] Check Pods Manifest.lock */,
				842D41A823E77AB500872340 /* Headers */,
				842D41A923E77AB500872340 /* Sources */,
				842D41AA23E77AB500872340 /* Frameworks */,
				842D41AB23E77AB500872340 /* Resources */,
			);
			buildRules = (
			);
			dependencies = (
			);
			name = test.Notes.Model;
			productName = test.Notes.Model;
			productReference = 842D41AD23E77AB500872340 /* test_Notes_Model.framework */;
			productType = "com.apple.product-type.framework";
		};
		842D41B423E77AB500872340 /* test.Notes.ModelTests */ = {
			isa = PBXNativeTarget;
			buildConfigurationList = 842D41C823E77AB500872340 /* Build configuration list for PBXNativeTarget "test.Notes.ModelTests" */;
			buildPhases = (
				12DD0171058BE252F731486F /* [CP] Check Pods Manifest.lock */,
				842D41B123E77AB500872340 /* Sources */,
				842D41B223E77AB500872340 /* Frameworks */,
				842D41B323E77AB500872340 /* Resources */,
				DCC8DC88BBA6CA0EF061B93C /* [CP] Embed Pods Frameworks */,
			);
			buildRules = (
			);
			dependencies = (
				842D41B823E77AB500872340 /* PBXTargetDependency */,
				842D41BA23E77AB500872340 /* PBXTargetDependency */,
			);
			name = test.Notes.ModelTests;
			productName = test.Notes.ModelTests;
			productReference = 842D41B523E77AB500872340 /* test.Notes.ModelTests.xctest */;
			productType = "com.apple.product-type.bundle.unit-test";
		};
		842D41CF23E77AC700872340 /* test.Notes.API */ = {
			isa = PBXNativeTarget;
			buildConfigurationList = 842D41E723E77AC800872340 /* Build configuration list for PBXNativeTarget "test.Notes.API" */;
			buildPhases = (
				FAB5AF866BFBDD5153650E8A /* [CP] Check Pods Manifest.lock */,
				842D41CB23E77AC700872340 /* Headers */,
				842D41CC23E77AC700872340 /* Sources */,
				842D41CD23E77AC700872340 /* Frameworks */,
				842D41CE23E77AC700872340 /* Resources */,
			);
			buildRules = (
			);
			dependencies = (
				842D421423E77DC400872340 /* PBXTargetDependency */,
			);
			name = test.Notes.API;
			productName = test.Notes.API;
			productReference = 842D41D023E77AC700872340 /* test_Notes_API.framework */;
			productType = "com.apple.product-type.framework";
		};
		842D41D723E77AC800872340 /* test.Notes.APITests */ = {
			isa = PBXNativeTarget;
			buildConfigurationList = 842D41EA23E77AC800872340 /* Build configuration list for PBXNativeTarget "test.Notes.APITests" */;
			buildPhases = (
				7CFCF7D8C62CBF5217272DE1 /* [CP] Check Pods Manifest.lock */,
				842D41D423E77AC800872340 /* Sources */,
				842D41D523E77AC800872340 /* Frameworks */,
				842D41D623E77AC800872340 /* Resources */,
				44F2C73293B7BC3F26EF4801 /* [CP] Embed Pods Frameworks */,
			);
			buildRules = (
			);
			dependencies = (
				842D41DB23E77AC800872340 /* PBXTargetDependency */,
				842D41DD23E77AC800872340 /* PBXTargetDependency */,
			);
			name = test.Notes.APITests;
			productName = test.Notes.APITests;
			productReference = 842D41D823E77AC800872340 /* test.Notes.APITests.xctest */;
			productType = "com.apple.product-type.bundle.unit-test";
		};
		842D41F123E77B1000872340 /* test.Notes.App */ = {
			isa = PBXNativeTarget;
			buildConfigurationList = 842D420923E77B1000872340 /* Build configuration list for PBXNativeTarget "test.Notes.App" */;
			buildPhases = (
				28A0CE431B7A86A21D559AEF /* [CP] Check Pods Manifest.lock */,
				842D41ED23E77B1000872340 /* Headers */,
				842D41EE23E77B1000872340 /* Sources */,
				842D41EF23E77B1000872340 /* Frameworks */,
				842D41F023E77B1000872340 /* Resources */,
				842D421F23E77DF100872340 /* Embed Frameworks */,
			);
			buildRules = (
			);
			dependencies = (
				842D421623E77DCA00872340 /* PBXTargetDependency */,
				842D421823E77DCA00872340 /* PBXTargetDependency */,
			);
			name = test.Notes.App;
			productName = test.Notes.App;
			productReference = 842D41F223E77B1000872340 /* test_Notes_App.framework */;
			productType = "com.apple.product-type.framework";
		};
		842D41F923E77B1000872340 /* test.Notes.AppTests */ = {
			isa = PBXNativeTarget;
			buildConfigurationList = 842D420C23E77B1000872340 /* Build configuration list for PBXNativeTarget "test.Notes.AppTests" */;
			buildPhases = (
				094D165DAE80D22CCE40319B /* [CP] Check Pods Manifest.lock */,
				842D41F623E77B1000872340 /* Sources */,
				842D41F723E77B1000872340 /* Frameworks */,
				842D41F823E77B1000872340 /* Resources */,
				2D935075BDCCC3445E355289 /* [CP] Embed Pods Frameworks */,
			);
			buildRules = (
			);
			dependencies = (
				842D41FD23E77B1000872340 /* PBXTargetDependency */,
				842D41FF23E77B1000872340 /* PBXTargetDependency */,
			);
			name = test.Notes.AppTests;
			productName = test.Notes.AppTests;
			productReference = 842D41FA23E77B1000872340 /* test.Notes.AppTests.xctest */;
			productType = "com.apple.product-type.bundle.unit-test";
		};
/* End PBXNativeTarget section */

/* Begin PBXProject section */
		842D417923E77A2900872340 /* Project object */ = {
			isa = PBXProject;
			attributes = {
				LastSwiftUpdateCheck = 1130;
				LastUpgradeCheck = 1130;
				ORGANIZATIONNAME = "Ing. Igor Shmidt";
				TargetAttributes = {
					842D418023E77A2900872340 = {
						CreatedOnToolsVersion = 11.3.1;
					};
					842D41AC23E77AB500872340 = {
						CreatedOnToolsVersion = 11.3.1;
						LastSwiftMigration = 1130;
					};
					842D41B423E77AB500872340 = {
						CreatedOnToolsVersion = 11.3.1;
						LastSwiftMigration = 1130;
						TestTargetID = 842D418023E77A2900872340;
					};
					842D41CF23E77AC700872340 = {
						CreatedOnToolsVersion = 11.3.1;
						LastSwiftMigration = 1130;
					};
					842D41D723E77AC800872340 = {
						CreatedOnToolsVersion = 11.3.1;
						TestTargetID = 842D418023E77A2900872340;
					};
					842D41F123E77B1000872340 = {
						CreatedOnToolsVersion = 11.3.1;
					};
					842D41F923E77B1000872340 = {
						CreatedOnToolsVersion = 11.3.1;
						TestTargetID = 842D418023E77A2900872340;
					};
				};
			};
			buildConfigurationList = 842D417C23E77A2900872340 /* Build configuration list for PBXProject "test.Notes" */;
			compatibilityVersion = "Xcode 9.3";
			developmentRegion = en;
			hasScannedForEncodings = 0;
			knownRegions = (
				en,
				Base,
			);
			mainGroup = 842D417823E77A2900872340;
			productRefGroup = 842D418223E77A2900872340 /* Products */;
			projectDirPath = "";
			projectRoot = "";
			targets = (
				842D418023E77A2900872340 /* test.Notes */,
				842D41AC23E77AB500872340 /* test.Notes.Model */,
				842D41B423E77AB500872340 /* test.Notes.ModelTests */,
				842D41CF23E77AC700872340 /* test.Notes.API */,
				842D41D723E77AC800872340 /* test.Notes.APITests */,
				842D41F123E77B1000872340 /* test.Notes.App */,
				842D41F923E77B1000872340 /* test.Notes.AppTests */,
			);
		};
/* End PBXProject section */

/* Begin PBXResourcesBuildPhase section */
		842D417F23E77A2900872340 /* Resources */ = {
			isa = PBXResourcesBuildPhase;
			buildActionMask = 2147483647;
			files = (
				842D419323E77A2D00872340 /* LaunchScreen.storyboard in Resources */,
			);
			runOnlyForDeploymentPostprocessing = 0;
		};
		842D41AB23E77AB500872340 /* Resources */ = {
			isa = PBXResourcesBuildPhase;
			buildActionMask = 2147483647;
			files = (
			);
			runOnlyForDeploymentPostprocessing = 0;
		};
		842D41B323E77AB500872340 /* Resources */ = {
			isa = PBXResourcesBuildPhase;
			buildActionMask = 2147483647;
			files = (
			);
			runOnlyForDeploymentPostprocessing = 0;
		};
		842D41CE23E77AC700872340 /* Resources */ = {
			isa = PBXResourcesBuildPhase;
			buildActionMask = 2147483647;
			files = (
			);
			runOnlyForDeploymentPostprocessing = 0;
		};
		842D41D623E77AC800872340 /* Resources */ = {
			isa = PBXResourcesBuildPhase;
			buildActionMask = 2147483647;
			files = (
			);
			runOnlyForDeploymentPostprocessing = 0;
		};
		842D41F023E77B1000872340 /* Resources */ = {
			isa = PBXResourcesBuildPhase;
			buildActionMask = 2147483647;
			files = (
				842D421223E77B4500872340 /* Assets.xcassets in Resources */,
				842D421123E77B3E00872340 /* Main.storyboard in Resources */,
			);
			runOnlyForDeploymentPostprocessing = 0;
		};
		842D41F823E77B1000872340 /* Resources */ = {
			isa = PBXResourcesBuildPhase;
			buildActionMask = 2147483647;
			files = (
			);
			runOnlyForDeploymentPostprocessing = 0;
		};
/* End PBXResourcesBuildPhase section */

/* Begin PBXShellScriptBuildPhase section */
		094D165DAE80D22CCE40319B /* [CP] Check Pods Manifest.lock */ = {
			isa = PBXShellScriptBuildPhase;
			buildActionMask = 2147483647;
			files = (
			);
			inputFileListPaths = (
			);
			inputPaths = (
				"${PODS_PODFILE_DIR_PATH}/Podfile.lock",
				"${PODS_ROOT}/Manifest.lock",
			);
			name = "[CP] Check Pods Manifest.lock";
			outputFileListPaths = (
			);
			outputPaths = (
				"$(DERIVED_FILE_DIR)/Pods-test.Notes.App-test.Notes.AppTests-checkManifestLockResult.txt",
			);
			runOnlyForDeploymentPostprocessing = 0;
			shellPath = /bin/sh;
			shellScript = "diff \"${PODS_PODFILE_DIR_PATH}/Podfile.lock\" \"${PODS_ROOT}/Manifest.lock\" > /dev/null\nif [ $? != 0 ] ; then\n    # print error to STDERR\n    echo \"error: The sandbox is not in sync with the Podfile.lock. Run 'pod install' or update your CocoaPods installation.\" >&2\n    exit 1\nfi\n# This output is used by Xcode 'outputs' to avoid re-running this script phase.\necho \"SUCCESS\" > \"${SCRIPT_OUTPUT_FILE_0}\"\n";
			showEnvVarsInLog = 0;
		};
		12DD0171058BE252F731486F /* [CP] Check Pods Manifest.lock */ = {
			isa = PBXShellScriptBuildPhase;
			buildActionMask = 2147483647;
			files = (
			);
			inputFileListPaths = (
			);
			inputPaths = (
				"${PODS_PODFILE_DIR_PATH}/Podfile.lock",
				"${PODS_ROOT}/Manifest.lock",
			);
			name = "[CP] Check Pods Manifest.lock";
			outputFileListPaths = (
			);
			outputPaths = (
				"$(DERIVED_FILE_DIR)/Pods-test.Notes.Model-test.Notes.ModelTests-checkManifestLockResult.txt",
			);
			runOnlyForDeploymentPostprocessing = 0;
			shellPath = /bin/sh;
			shellScript = "diff \"${PODS_PODFILE_DIR_PATH}/Podfile.lock\" \"${PODS_ROOT}/Manifest.lock\" > /dev/null\nif [ $? != 0 ] ; then\n    # print error to STDERR\n    echo \"error: The sandbox is not in sync with the Podfile.lock. Run 'pod install' or update your CocoaPods installation.\" >&2\n    exit 1\nfi\n# This output is used by Xcode 'outputs' to avoid re-running this script phase.\necho \"SUCCESS\" > \"${SCRIPT_OUTPUT_FILE_0}\"\n";
			showEnvVarsInLog = 0;
		};
		28A0CE431B7A86A21D559AEF /* [CP] Check Pods Manifest.lock */ = {
			isa = PBXShellScriptBuildPhase;
			buildActionMask = 2147483647;
			files = (
			);
			inputFileListPaths = (
			);
			inputPaths = (
				"${PODS_PODFILE_DIR_PATH}/Podfile.lock",
				"${PODS_ROOT}/Manifest.lock",
			);
			name = "[CP] Check Pods Manifest.lock";
			outputFileListPaths = (
			);
			outputPaths = (
				"$(DERIVED_FILE_DIR)/Pods-test.Notes.App-checkManifestLockResult.txt",
			);
			runOnlyForDeploymentPostprocessing = 0;
			shellPath = /bin/sh;
			shellScript = "diff \"${PODS_PODFILE_DIR_PATH}/Podfile.lock\" \"${PODS_ROOT}/Manifest.lock\" > /dev/null\nif [ $? != 0 ] ; then\n    # print error to STDERR\n    echo \"error: The sandbox is not in sync with the Podfile.lock. Run 'pod install' or update your CocoaPods installation.\" >&2\n    exit 1\nfi\n# This output is used by Xcode 'outputs' to avoid re-running this script phase.\necho \"SUCCESS\" > \"${SCRIPT_OUTPUT_FILE_0}\"\n";
			showEnvVarsInLog = 0;
		};
		2D935075BDCCC3445E355289 /* [CP] Embed Pods Frameworks */ = {
			isa = PBXShellScriptBuildPhase;
			buildActionMask = 2147483647;
			files = (
			);
			inputFileListPaths = (
				"${PODS_ROOT}/Target Support Files/Pods-test.Notes.App-test.Notes.AppTests/Pods-test.Notes.App-test.Notes.AppTests-frameworks-${CONFIGURATION}-input-files.xcfilelist",
			);
			name = "[CP] Embed Pods Frameworks";
			outputFileListPaths = (
				"${PODS_ROOT}/Target Support Files/Pods-test.Notes.App-test.Notes.AppTests/Pods-test.Notes.App-test.Notes.AppTests-frameworks-${CONFIGURATION}-output-files.xcfilelist",
			);
			runOnlyForDeploymentPostprocessing = 0;
			shellPath = /bin/sh;
			shellScript = "\"${PODS_ROOT}/Target Support Files/Pods-test.Notes.App-test.Notes.AppTests/Pods-test.Notes.App-test.Notes.AppTests-frameworks.sh\"\n";
			showEnvVarsInLog = 0;
		};
		44F2C73293B7BC3F26EF4801 /* [CP] Embed Pods Frameworks */ = {
			isa = PBXShellScriptBuildPhase;
			buildActionMask = 2147483647;
			files = (
			);
			inputFileListPaths = (
				"${PODS_ROOT}/Target Support Files/Pods-test.Notes.API-test.Notes.APITests/Pods-test.Notes.API-test.Notes.APITests-frameworks-${CONFIGURATION}-input-files.xcfilelist",
			);
			name = "[CP] Embed Pods Frameworks";
			outputFileListPaths = (
				"${PODS_ROOT}/Target Support Files/Pods-test.Notes.API-test.Notes.APITests/Pods-test.Notes.API-test.Notes.APITests-frameworks-${CONFIGURATION}-output-files.xcfilelist",
			);
			runOnlyForDeploymentPostprocessing = 0;
			shellPath = /bin/sh;
			shellScript = "\"${PODS_ROOT}/Target Support Files/Pods-test.Notes.API-test.Notes.APITests/Pods-test.Notes.API-test.Notes.APITests-frameworks.sh\"\n";
			showEnvVarsInLog = 0;
		};
		7CFCF7D8C62CBF5217272DE1 /* [CP] Check Pods Manifest.lock */ = {
			isa = PBXShellScriptBuildPhase;
			buildActionMask = 2147483647;
			files = (
			);
			inputFileListPaths = (
			);
			inputPaths = (
				"${PODS_PODFILE_DIR_PATH}/Podfile.lock",
				"${PODS_ROOT}/Manifest.lock",
			);
			name = "[CP] Check Pods Manifest.lock";
			outputFileListPaths = (
			);
			outputPaths = (
				"$(DERIVED_FILE_DIR)/Pods-test.Notes.API-test.Notes.APITests-checkManifestLockResult.txt",
			);
			runOnlyForDeploymentPostprocessing = 0;
			shellPath = /bin/sh;
			shellScript = "diff \"${PODS_PODFILE_DIR_PATH}/Podfile.lock\" \"${PODS_ROOT}/Manifest.lock\" > /dev/null\nif [ $? != 0 ] ; then\n    # print error to STDERR\n    echo \"error: The sandbox is not in sync with the Podfile.lock. Run 'pod install' or update your CocoaPods installation.\" >&2\n    exit 1\nfi\n# This output is used by Xcode 'outputs' to avoid re-running this script phase.\necho \"SUCCESS\" > \"${SCRIPT_OUTPUT_FILE_0}\"\n";
			showEnvVarsInLog = 0;
		};
		7D42A3170FE483BF18367217 /* [CP] Check Pods Manifest.lock */ = {
			isa = PBXShellScriptBuildPhase;
			buildActionMask = 2147483647;
			files = (
			);
			inputFileListPaths = (
			);
			inputPaths = (
				"${PODS_PODFILE_DIR_PATH}/Podfile.lock",
				"${PODS_ROOT}/Manifest.lock",
			);
			name = "[CP] Check Pods Manifest.lock";
			outputFileListPaths = (
			);
			outputPaths = (
				"$(DERIVED_FILE_DIR)/Pods-test.Notes-checkManifestLockResult.txt",
			);
			runOnlyForDeploymentPostprocessing = 0;
			shellPath = /bin/sh;
			shellScript = "diff \"${PODS_PODFILE_DIR_PATH}/Podfile.lock\" \"${PODS_ROOT}/Manifest.lock\" > /dev/null\nif [ $? != 0 ] ; then\n    # print error to STDERR\n    echo \"error: The sandbox is not in sync with the Podfile.lock. Run 'pod install' or update your CocoaPods installation.\" >&2\n    exit 1\nfi\n# This output is used by Xcode 'outputs' to avoid re-running this script phase.\necho \"SUCCESS\" > \"${SCRIPT_OUTPUT_FILE_0}\"\n";
			showEnvVarsInLog = 0;
		};
		DB7007C51BABEA9A80B5C147 /* [CP] Check Pods Manifest.lock */ = {
			isa = PBXShellScriptBuildPhase;
			buildActionMask = 2147483647;
			files = (
			);
			inputFileListPaths = (
			);
			inputPaths = (
				"${PODS_PODFILE_DIR_PATH}/Podfile.lock",
				"${PODS_ROOT}/Manifest.lock",
			);
			name = "[CP] Check Pods Manifest.lock";
			outputFileListPaths = (
			);
			outputPaths = (
				"$(DERIVED_FILE_DIR)/Pods-test.Notes.Model-checkManifestLockResult.txt",
			);
			runOnlyForDeploymentPostprocessing = 0;
			shellPath = /bin/sh;
			shellScript = "diff \"${PODS_PODFILE_DIR_PATH}/Podfile.lock\" \"${PODS_ROOT}/Manifest.lock\" > /dev/null\nif [ $? != 0 ] ; then\n    # print error to STDERR\n    echo \"error: The sandbox is not in sync with the Podfile.lock. Run 'pod install' or update your CocoaPods installation.\" >&2\n    exit 1\nfi\n# This output is used by Xcode 'outputs' to avoid re-running this script phase.\necho \"SUCCESS\" > \"${SCRIPT_OUTPUT_FILE_0}\"\n";
			showEnvVarsInLog = 0;
		};
		DCC8DC88BBA6CA0EF061B93C /* [CP] Embed Pods Frameworks */ = {
			isa = PBXShellScriptBuildPhase;
			buildActionMask = 2147483647;
			files = (
			);
			inputFileListPaths = (
				"${PODS_ROOT}/Target Support Files/Pods-test.Notes.Model-test.Notes.ModelTests/Pods-test.Notes.Model-test.Notes.ModelTests-frameworks-${CONFIGURATION}-input-files.xcfilelist",
			);
			name = "[CP] Embed Pods Frameworks";
			outputFileListPaths = (
				"${PODS_ROOT}/Target Support Files/Pods-test.Notes.Model-test.Notes.ModelTests/Pods-test.Notes.Model-test.Notes.ModelTests-frameworks-${CONFIGURATION}-output-files.xcfilelist",
			);
			runOnlyForDeploymentPostprocessing = 0;
			shellPath = /bin/sh;
			shellScript = "\"${PODS_ROOT}/Target Support Files/Pods-test.Notes.Model-test.Notes.ModelTests/Pods-test.Notes.Model-test.Notes.ModelTests-frameworks.sh\"\n";
			showEnvVarsInLog = 0;
		};
		FAB5AF866BFBDD5153650E8A /* [CP] Check Pods Manifest.lock */ = {
			isa = PBXShellScriptBuildPhase;
			buildActionMask = 2147483647;
			files = (
			);
			inputFileListPaths = (
			);
			inputPaths = (
				"${PODS_PODFILE_DIR_PATH}/Podfile.lock",
				"${PODS_ROOT}/Manifest.lock",
			);
			name = "[CP] Check Pods Manifest.lock";
			outputFileListPaths = (
			);
			outputPaths = (
				"$(DERIVED_FILE_DIR)/Pods-test.Notes.API-checkManifestLockResult.txt",
			);
			runOnlyForDeploymentPostprocessing = 0;
			shellPath = /bin/sh;
			shellScript = "diff \"${PODS_PODFILE_DIR_PATH}/Podfile.lock\" \"${PODS_ROOT}/Manifest.lock\" > /dev/null\nif [ $? != 0 ] ; then\n    # print error to STDERR\n    echo \"error: The sandbox is not in sync with the Podfile.lock. Run 'pod install' or update your CocoaPods installation.\" >&2\n    exit 1\nfi\n# This output is used by Xcode 'outputs' to avoid re-running this script phase.\necho \"SUCCESS\" > \"${SCRIPT_OUTPUT_FILE_0}\"\n";
			showEnvVarsInLog = 0;
		};
/* End PBXShellScriptBuildPhase section */

/* Begin PBXSourcesBuildPhase section */
		842D417D23E77A2900872340 /* Sources */ = {
			isa = PBXSourcesBuildPhase;
			buildActionMask = 2147483647;
			files = (
				842D418523E77A2900872340 /* AppDelegate.swift in Sources */,
				842D418723E77A2900872340 /* SceneDelegate.swift in Sources */,
			);
			runOnlyForDeploymentPostprocessing = 0;
		};
		842D41A923E77AB500872340 /* Sources */ = {
			isa = PBXSourcesBuildPhase;
			buildActionMask = 2147483647;
			files = (
				842D422323E781FD00872340 /* Note.swift in Sources */,
				842D422523E782A300872340 /* NoteImpl.swift in Sources */,
			);
			runOnlyForDeploymentPostprocessing = 0;
		};
		842D41B123E77AB500872340 /* Sources */ = {
			isa = PBXSourcesBuildPhase;
			buildActionMask = 2147483647;
			files = (
				842D423623E82F3800872340 /* test_Notes_ModelTests.swift in Sources */,
			);
			runOnlyForDeploymentPostprocessing = 0;
		};
		842D41CC23E77AC700872340 /* Sources */ = {
			isa = PBXSourcesBuildPhase;
			buildActionMask = 2147483647;
			files = (
				842D422F23E823CE00872340 /* RequestManager.swift in Sources */,
				84164E5523E99DF6008DC3E8 /* SetupNoteRequest.swift in Sources */,
				842D422723E7838400872340 /* ListRequest.swift in Sources */,
				84164E5B23E9A1A8008DC3E8 /* SetupNoteRequestImpl.swift in Sources */,
				842D422B23E7866400872340 /* ListRequestImpl.swift in Sources */,
				842D422923E783AD00872340 /* Request.swift in Sources */,
				842D422D23E795A500872340 /* RequestManagerImpl.swift in Sources */,
				84164E5923E99F97008DC3E8 /* DeleteNoteRequest.swift in Sources */,
				84164E5723E99F5B008DC3E8 /* DeleteNoteRequestImpl.swift in Sources */,
				84164E5323E98996008DC3E8 /* NoteRequestImpl.swift in Sources */,
				84164E5123E98934008DC3E8 /* NoteRequest.swift in Sources */,
			);
			runOnlyForDeploymentPostprocessing = 0;
		};
		842D41D423E77AC800872340 /* Sources */ = {
			isa = PBXSourcesBuildPhase;
			buildActionMask = 2147483647;
			files = (
				842D41E023E77AC800872340 /* test_Notes_APITests.swift in Sources */,
				842D423123E824A700872340 /* MockProtocol.swift in Sources */,
			);
			runOnlyForDeploymentPostprocessing = 0;
		};
		842D41EE23E77B1000872340 /* Sources */ = {
			isa = PBXSourcesBuildPhase;
			buildActionMask = 2147483647;
			files = (
				842D421023E77B2500872340 /* DetailViewController.swift in Sources */,
				C45BDA9D03176B279351437E /* MasterViewInput.swift in Sources */,
				E6A5958CEA498E1C6404CE03 /* MasterViewOutput.swift in Sources */,
				F3C34678967A546AAD3A0F59 /* MasterViewController.swift in Sources */,
				76471346E5398DD90E3A8A11 /* MasterModuleInput.swift in Sources */,
				84164E5E23EA300D008DC3E8 /* Resolver.swift in Sources */,
				51ECD6737210C5C38B33D799 /* MasterPresenter.swift in Sources */,
				E446C4E92A839ABBBDA5205C /* MasterInteractorInput.swift in Sources */,
				02D9C3BE8152BE8BFCCB76B5 /* MasterInteractorOutput.swift in Sources */,
				0637AEEFAB6A094CF7A449B3 /* MasterInteractor.swift in Sources */,
				83493C4F96440B099D93539B /* MasterRouterInput.swift in Sources */,
				E7073B2355E05F7E1577E5A8 /* MasterRouter.swift in Sources */,
				DBF226E68957FA4A1FAC851A /* MasterConfigurator.swift in Sources */,
				146AA11AAFD12652D132699B /* MasterInitializer.swift in Sources */,
			);
			runOnlyForDeploymentPostprocessing = 0;
		};
		842D41F623E77B1000872340 /* Sources */ = {
			isa = PBXSourcesBuildPhase;
			buildActionMask = 2147483647;
			files = (
				D7DA106944EC85FFB6717491 /* MasterConfiguratorTests.swift in Sources */,
				6D758317A53CF4C44872C92C /* MasterViewTests.swift in Sources */,
				716ECAD5E81D2F9D10825CA3 /* MasterInteractorTests.swift in Sources */,
				2A642FA18BEF48E7D7B246FC /* MasterPresenterTests.swift in Sources */,
				47F92FB495FD4CDCB943AFC4 /* MasterRouterTests.swift in Sources */,
			);
			runOnlyForDeploymentPostprocessing = 0;
		};
/* End PBXSourcesBuildPhase section */

/* Begin PBXTargetDependency section */
		842D41B823E77AB500872340 /* PBXTargetDependency */ = {
			isa = PBXTargetDependency;
			target = 842D41AC23E77AB500872340 /* test.Notes.Model */;
			targetProxy = 842D41B723E77AB500872340 /* PBXContainerItemProxy */;
		};
		842D41BA23E77AB500872340 /* PBXTargetDependency */ = {
			isa = PBXTargetDependency;
			target = 842D418023E77A2900872340 /* test.Notes */;
			targetProxy = 842D41B923E77AB500872340 /* PBXContainerItemProxy */;
		};
		842D41DB23E77AC800872340 /* PBXTargetDependency */ = {
			isa = PBXTargetDependency;
			target = 842D41CF23E77AC700872340 /* test.Notes.API */;
			targetProxy = 842D41DA23E77AC800872340 /* PBXContainerItemProxy */;
		};
		842D41DD23E77AC800872340 /* PBXTargetDependency */ = {
			isa = PBXTargetDependency;
			target = 842D418023E77A2900872340 /* test.Notes */;
			targetProxy = 842D41DC23E77AC800872340 /* PBXContainerItemProxy */;
		};
		842D41FD23E77B1000872340 /* PBXTargetDependency */ = {
			isa = PBXTargetDependency;
			target = 842D41F123E77B1000872340 /* test.Notes.App */;
			targetProxy = 842D41FC23E77B1000872340 /* PBXContainerItemProxy */;
		};
		842D41FF23E77B1000872340 /* PBXTargetDependency */ = {
			isa = PBXTargetDependency;
			target = 842D418023E77A2900872340 /* test.Notes */;
			targetProxy = 842D41FE23E77B1000872340 /* PBXContainerItemProxy */;
		};
		842D420623E77B1000872340 /* PBXTargetDependency */ = {
			isa = PBXTargetDependency;
			target = 842D41F123E77B1000872340 /* test.Notes.App */;
			targetProxy = 842D420523E77B1000872340 /* PBXContainerItemProxy */;
		};
		842D421423E77DC400872340 /* PBXTargetDependency */ = {
			isa = PBXTargetDependency;
			target = 842D41AC23E77AB500872340 /* test.Notes.Model */;
			targetProxy = 842D421323E77DC400872340 /* PBXContainerItemProxy */;
		};
		842D421623E77DCA00872340 /* PBXTargetDependency */ = {
			isa = PBXTargetDependency;
			target = 842D41CF23E77AC700872340 /* test.Notes.API */;
			targetProxy = 842D421523E77DCA00872340 /* PBXContainerItemProxy */;
		};
		842D421823E77DCA00872340 /* PBXTargetDependency */ = {
			isa = PBXTargetDependency;
			target = 842D41AC23E77AB500872340 /* test.Notes.Model */;
			targetProxy = 842D421723E77DCA00872340 /* PBXContainerItemProxy */;
		};
/* End PBXTargetDependency section */

/* Begin PBXVariantGroup section */
		842D418C23E77A2900872340 /* Main.storyboard */ = {
			isa = PBXVariantGroup;
			children = (
				842D418D23E77A2900872340 /* Base */,
			);
			name = Main.storyboard;
			sourceTree = "<group>";
		};
		842D419123E77A2D00872340 /* LaunchScreen.storyboard */ = {
			isa = PBXVariantGroup;
			children = (
				842D419223E77A2D00872340 /* Base */,
			);
			name = LaunchScreen.storyboard;
			sourceTree = "<group>";
		};
/* End PBXVariantGroup section */

/* Begin XCBuildConfiguration section */
		842D41A023E77A2D00872340 /* Debug */ = {
			isa = XCBuildConfiguration;
			buildSettings = {
				ALWAYS_SEARCH_USER_PATHS = NO;
				CLANG_ANALYZER_NONNULL = YES;
				CLANG_ANALYZER_NUMBER_OBJECT_CONVERSION = YES_AGGRESSIVE;
				CLANG_CXX_LANGUAGE_STANDARD = "gnu++14";
				CLANG_CXX_LIBRARY = "libc++";
				CLANG_ENABLE_MODULES = YES;
				CLANG_ENABLE_OBJC_ARC = YES;
				CLANG_ENABLE_OBJC_WEAK = YES;
				CLANG_WARN_BLOCK_CAPTURE_AUTORELEASING = YES;
				CLANG_WARN_BOOL_CONVERSION = YES;
				CLANG_WARN_COMMA = YES;
				CLANG_WARN_CONSTANT_CONVERSION = YES;
				CLANG_WARN_DEPRECATED_OBJC_IMPLEMENTATIONS = YES;
				CLANG_WARN_DIRECT_OBJC_ISA_USAGE = YES_ERROR;
				CLANG_WARN_DOCUMENTATION_COMMENTS = YES;
				CLANG_WARN_EMPTY_BODY = YES;
				CLANG_WARN_ENUM_CONVERSION = YES;
				CLANG_WARN_INFINITE_RECURSION = YES;
				CLANG_WARN_INT_CONVERSION = YES;
				CLANG_WARN_NON_LITERAL_NULL_CONVERSION = YES;
				CLANG_WARN_OBJC_IMPLICIT_RETAIN_SELF = YES;
				CLANG_WARN_OBJC_LITERAL_CONVERSION = YES;
				CLANG_WARN_OBJC_ROOT_CLASS = YES_ERROR;
				CLANG_WARN_RANGE_LOOP_ANALYSIS = YES;
				CLANG_WARN_STRICT_PROTOTYPES = YES;
				CLANG_WARN_SUSPICIOUS_MOVE = YES;
				CLANG_WARN_UNGUARDED_AVAILABILITY = YES_AGGRESSIVE;
				CLANG_WARN_UNREACHABLE_CODE = YES;
				CLANG_WARN__DUPLICATE_METHOD_MATCH = YES;
				COPY_PHASE_STRIP = NO;
				DEBUG_INFORMATION_FORMAT = dwarf;
				ENABLE_STRICT_OBJC_MSGSEND = YES;
				ENABLE_TESTABILITY = YES;
				GCC_C_LANGUAGE_STANDARD = gnu11;
				GCC_DYNAMIC_NO_PIC = NO;
				GCC_NO_COMMON_BLOCKS = YES;
				GCC_OPTIMIZATION_LEVEL = 0;
				GCC_PREPROCESSOR_DEFINITIONS = (
					"DEBUG=1",
					"$(inherited)",
				);
				GCC_WARN_64_TO_32_BIT_CONVERSION = YES;
				GCC_WARN_ABOUT_RETURN_TYPE = YES_ERROR;
				GCC_WARN_UNDECLARED_SELECTOR = YES;
				GCC_WARN_UNINITIALIZED_AUTOS = YES_AGGRESSIVE;
				GCC_WARN_UNUSED_FUNCTION = YES;
				GCC_WARN_UNUSED_VARIABLE = YES;
				IPHONEOS_DEPLOYMENT_TARGET = 13.2;
				MTL_ENABLE_DEBUG_INFO = INCLUDE_SOURCE;
				MTL_FAST_MATH = YES;
				ONLY_ACTIVE_ARCH = YES;
				SDKROOT = iphoneos;
				SWIFT_ACTIVE_COMPILATION_CONDITIONS = DEBUG;
				SWIFT_OPTIMIZATION_LEVEL = "-Onone";
			};
			name = Debug;
		};
		842D41A123E77A2D00872340 /* Release */ = {
			isa = XCBuildConfiguration;
			buildSettings = {
				ALWAYS_SEARCH_USER_PATHS = NO;
				CLANG_ANALYZER_NONNULL = YES;
				CLANG_ANALYZER_NUMBER_OBJECT_CONVERSION = YES_AGGRESSIVE;
				CLANG_CXX_LANGUAGE_STANDARD = "gnu++14";
				CLANG_CXX_LIBRARY = "libc++";
				CLANG_ENABLE_MODULES = YES;
				CLANG_ENABLE_OBJC_ARC = YES;
				CLANG_ENABLE_OBJC_WEAK = YES;
				CLANG_WARN_BLOCK_CAPTURE_AUTORELEASING = YES;
				CLANG_WARN_BOOL_CONVERSION = YES;
				CLANG_WARN_COMMA = YES;
				CLANG_WARN_CONSTANT_CONVERSION = YES;
				CLANG_WARN_DEPRECATED_OBJC_IMPLEMENTATIONS = YES;
				CLANG_WARN_DIRECT_OBJC_ISA_USAGE = YES_ERROR;
				CLANG_WARN_DOCUMENTATION_COMMENTS = YES;
				CLANG_WARN_EMPTY_BODY = YES;
				CLANG_WARN_ENUM_CONVERSION = YES;
				CLANG_WARN_INFINITE_RECURSION = YES;
				CLANG_WARN_INT_CONVERSION = YES;
				CLANG_WARN_NON_LITERAL_NULL_CONVERSION = YES;
				CLANG_WARN_OBJC_IMPLICIT_RETAIN_SELF = YES;
				CLANG_WARN_OBJC_LITERAL_CONVERSION = YES;
				CLANG_WARN_OBJC_ROOT_CLASS = YES_ERROR;
				CLANG_WARN_RANGE_LOOP_ANALYSIS = YES;
				CLANG_WARN_STRICT_PROTOTYPES = YES;
				CLANG_WARN_SUSPICIOUS_MOVE = YES;
				CLANG_WARN_UNGUARDED_AVAILABILITY = YES_AGGRESSIVE;
				CLANG_WARN_UNREACHABLE_CODE = YES;
				CLANG_WARN__DUPLICATE_METHOD_MATCH = YES;
				COPY_PHASE_STRIP = NO;
				DEBUG_INFORMATION_FORMAT = "dwarf-with-dsym";
				ENABLE_NS_ASSERTIONS = NO;
				ENABLE_STRICT_OBJC_MSGSEND = YES;
				GCC_C_LANGUAGE_STANDARD = gnu11;
				GCC_NO_COMMON_BLOCKS = YES;
				GCC_WARN_64_TO_32_BIT_CONVERSION = YES;
				GCC_WARN_ABOUT_RETURN_TYPE = YES_ERROR;
				GCC_WARN_UNDECLARED_SELECTOR = YES;
				GCC_WARN_UNINITIALIZED_AUTOS = YES_AGGRESSIVE;
				GCC_WARN_UNUSED_FUNCTION = YES;
				GCC_WARN_UNUSED_VARIABLE = YES;
				IPHONEOS_DEPLOYMENT_TARGET = 13.2;
				MTL_ENABLE_DEBUG_INFO = NO;
				MTL_FAST_MATH = YES;
				SDKROOT = iphoneos;
				SWIFT_COMPILATION_MODE = wholemodule;
				SWIFT_OPTIMIZATION_LEVEL = "-O";
				VALIDATE_PRODUCT = YES;
			};
			name = Release;
		};
		842D41A323E77A2D00872340 /* Debug */ = {
			isa = XCBuildConfiguration;
			baseConfigurationReference = E23C7C4C36323986CCF9076B /* Pods-test.Notes.debug.xcconfig */;
			buildSettings = {
				ALWAYS_EMBED_SWIFT_STANDARD_LIBRARIES = YES;
				ASSETCATALOG_COMPILER_APPICON_NAME = AppIcon;
				CODE_SIGN_STYLE = Automatic;
				INFOPLIST_FILE = test.Notes/Info.plist;
				IPHONEOS_DEPLOYMENT_TARGET = 13.0;
				LD_RUNPATH_SEARCH_PATHS = (
					"$(inherited)",
					"@executable_path/Frameworks",
				);
				PRODUCT_BUNDLE_IDENTIFIER = "cz.BSC.test-Notes";
				PRODUCT_NAME = "$(TARGET_NAME)";
				SWIFT_VERSION = 5.0;
				TARGETED_DEVICE_FAMILY = "1,2";
			};
			name = Debug;
		};
		842D41A423E77A2D00872340 /* Release */ = {
			isa = XCBuildConfiguration;
			baseConfigurationReference = 0B3CE8571D1BAEA4CEFC95D5 /* Pods-test.Notes.release.xcconfig */;
			buildSettings = {
				ALWAYS_EMBED_SWIFT_STANDARD_LIBRARIES = YES;
				ASSETCATALOG_COMPILER_APPICON_NAME = AppIcon;
				CODE_SIGN_STYLE = Automatic;
				INFOPLIST_FILE = test.Notes/Info.plist;
				IPHONEOS_DEPLOYMENT_TARGET = 13.0;
				LD_RUNPATH_SEARCH_PATHS = (
					"$(inherited)",
					"@executable_path/Frameworks",
				);
				PRODUCT_BUNDLE_IDENTIFIER = "cz.BSC.test-Notes";
				PRODUCT_NAME = "$(TARGET_NAME)";
				SWIFT_VERSION = 5.0;
				TARGETED_DEVICE_FAMILY = "1,2";
			};
			name = Release;
		};
		842D41C523E77AB500872340 /* Debug */ = {
			isa = XCBuildConfiguration;
			baseConfigurationReference = 2D9C502879CEBC5680046698 /* Pods-test.Notes.Model.debug.xcconfig */;
			buildSettings = {
				CLANG_ENABLE_MODULES = YES;
				CODE_SIGN_STYLE = Automatic;
				CURRENT_PROJECT_VERSION = 1;
				DEFINES_MODULE = YES;
				DYLIB_COMPATIBILITY_VERSION = 1;
				DYLIB_CURRENT_VERSION = 1;
				DYLIB_INSTALL_NAME_BASE = "@rpath";
				INFOPLIST_FILE = test.Notes.Model/Info.plist;
				INSTALL_PATH = "$(LOCAL_LIBRARY_DIR)/Frameworks";
				IPHONEOS_DEPLOYMENT_TARGET = 13.0;
				LD_RUNPATH_SEARCH_PATHS = (
					"$(inherited)",
					"@executable_path/Frameworks",
					"@loader_path/Frameworks",
				);
				PRODUCT_BUNDLE_IDENTIFIER = "cz.BSC.test-Notes-Model";
				PRODUCT_NAME = "$(TARGET_NAME:c99extidentifier)";
				SKIP_INSTALL = YES;
				SUPPORTS_MACCATALYST = NO;
				SWIFT_OPTIMIZATION_LEVEL = "-Onone";
				SWIFT_VERSION = 5.0;
				TARGETED_DEVICE_FAMILY = "1,2";
				VERSIONING_SYSTEM = "apple-generic";
				VERSION_INFO_PREFIX = "";
			};
			name = Debug;
		};
		842D41C623E77AB500872340 /* Release */ = {
			isa = XCBuildConfiguration;
			baseConfigurationReference = 93744329CFDF0012AE8626B2 /* Pods-test.Notes.Model.release.xcconfig */;
			buildSettings = {
				CLANG_ENABLE_MODULES = YES;
				CODE_SIGN_STYLE = Automatic;
				CURRENT_PROJECT_VERSION = 1;
				DEFINES_MODULE = YES;
				DYLIB_COMPATIBILITY_VERSION = 1;
				DYLIB_CURRENT_VERSION = 1;
				DYLIB_INSTALL_NAME_BASE = "@rpath";
				INFOPLIST_FILE = test.Notes.Model/Info.plist;
				INSTALL_PATH = "$(LOCAL_LIBRARY_DIR)/Frameworks";
				IPHONEOS_DEPLOYMENT_TARGET = 13.0;
				LD_RUNPATH_SEARCH_PATHS = (
					"$(inherited)",
					"@executable_path/Frameworks",
					"@loader_path/Frameworks",
				);
				PRODUCT_BUNDLE_IDENTIFIER = "cz.BSC.test-Notes-Model";
				PRODUCT_NAME = "$(TARGET_NAME:c99extidentifier)";
				SKIP_INSTALL = YES;
				SUPPORTS_MACCATALYST = NO;
				SWIFT_VERSION = 5.0;
				TARGETED_DEVICE_FAMILY = "1,2";
				VERSIONING_SYSTEM = "apple-generic";
				VERSION_INFO_PREFIX = "";
			};
			name = Release;
		};
		842D41C923E77AB500872340 /* Debug */ = {
			isa = XCBuildConfiguration;
			baseConfigurationReference = B8D476450BE5901FF5E4B925 /* Pods-test.Notes.Model-test.Notes.ModelTests.debug.xcconfig */;
			buildSettings = {
				CLANG_ENABLE_MODULES = YES;
				CODE_SIGN_STYLE = Automatic;
				INFOPLIST_FILE = test.Notes.ModelTests/Info.plist;
				LD_RUNPATH_SEARCH_PATHS = (
					"$(inherited)",
					"@executable_path/Frameworks",
					"@loader_path/Frameworks",
				);
				PRODUCT_BUNDLE_IDENTIFIER = "cz.BSC.test-Notes-ModelTests";
				PRODUCT_NAME = "$(TARGET_NAME)";
				SWIFT_OPTIMIZATION_LEVEL = "-Onone";
				SWIFT_VERSION = 5.0;
				TARGETED_DEVICE_FAMILY = "1,2";
				TEST_HOST = "$(BUILT_PRODUCTS_DIR)/test.Notes.app/test.Notes";
			};
			name = Debug;
		};
		842D41CA23E77AB500872340 /* Release */ = {
			isa = XCBuildConfiguration;
			baseConfigurationReference = 61CDAFE60EFED81453E3C527 /* Pods-test.Notes.Model-test.Notes.ModelTests.release.xcconfig */;
			buildSettings = {
				CLANG_ENABLE_MODULES = YES;
				CODE_SIGN_STYLE = Automatic;
				INFOPLIST_FILE = test.Notes.ModelTests/Info.plist;
				LD_RUNPATH_SEARCH_PATHS = (
					"$(inherited)",
					"@executable_path/Frameworks",
					"@loader_path/Frameworks",
				);
				PRODUCT_BUNDLE_IDENTIFIER = "cz.BSC.test-Notes-ModelTests";
				PRODUCT_NAME = "$(TARGET_NAME)";
				SWIFT_VERSION = 5.0;
				TARGETED_DEVICE_FAMILY = "1,2";
				TEST_HOST = "$(BUILT_PRODUCTS_DIR)/test.Notes.app/test.Notes";
			};
			name = Release;
		};
		842D41E823E77AC800872340 /* Debug */ = {
			isa = XCBuildConfiguration;
			baseConfigurationReference = 9B512BD80850C4DED488FBBD /* Pods-test.Notes.API.debug.xcconfig */;
			buildSettings = {
				CLANG_ENABLE_MODULES = YES;
				CODE_SIGN_STYLE = Automatic;
				CURRENT_PROJECT_VERSION = 1;
				DEFINES_MODULE = YES;
				DYLIB_COMPATIBILITY_VERSION = 1;
				DYLIB_CURRENT_VERSION = 1;
				DYLIB_INSTALL_NAME_BASE = "@rpath";
				INFOPLIST_FILE = test.Notes.API/Info.plist;
				INSTALL_PATH = "$(LOCAL_LIBRARY_DIR)/Frameworks";
				IPHONEOS_DEPLOYMENT_TARGET = 13.0;
				LD_RUNPATH_SEARCH_PATHS = (
					"$(inherited)",
					"@executable_path/Frameworks",
					"@loader_path/Frameworks",
				);
				PRODUCT_BUNDLE_IDENTIFIER = "cz.BSC.test-Notes-API";
				PRODUCT_NAME = "$(TARGET_NAME:c99extidentifier)";
				SKIP_INSTALL = YES;
				SUPPORTS_MACCATALYST = NO;
				SWIFT_OPTIMIZATION_LEVEL = "-Onone";
				SWIFT_VERSION = 5.0;
				TARGETED_DEVICE_FAMILY = "1,2";
				VERSIONING_SYSTEM = "apple-generic";
				VERSION_INFO_PREFIX = "";
			};
			name = Debug;
		};
		842D41E923E77AC800872340 /* Release */ = {
			isa = XCBuildConfiguration;
			baseConfigurationReference = 1809184413D6B352663D7651 /* Pods-test.Notes.API.release.xcconfig */;
			buildSettings = {
				CLANG_ENABLE_MODULES = YES;
				CODE_SIGN_STYLE = Automatic;
				CURRENT_PROJECT_VERSION = 1;
				DEFINES_MODULE = YES;
				DYLIB_COMPATIBILITY_VERSION = 1;
				DYLIB_CURRENT_VERSION = 1;
				DYLIB_INSTALL_NAME_BASE = "@rpath";
				INFOPLIST_FILE = test.Notes.API/Info.plist;
				INSTALL_PATH = "$(LOCAL_LIBRARY_DIR)/Frameworks";
				IPHONEOS_DEPLOYMENT_TARGET = 13.0;
				LD_RUNPATH_SEARCH_PATHS = (
					"$(inherited)",
					"@executable_path/Frameworks",
					"@loader_path/Frameworks",
				);
				PRODUCT_BUNDLE_IDENTIFIER = "cz.BSC.test-Notes-API";
				PRODUCT_NAME = "$(TARGET_NAME:c99extidentifier)";
				SKIP_INSTALL = YES;
				SUPPORTS_MACCATALYST = NO;
				SWIFT_VERSION = 5.0;
				TARGETED_DEVICE_FAMILY = "1,2";
				VERSIONING_SYSTEM = "apple-generic";
				VERSION_INFO_PREFIX = "";
			};
			name = Release;
		};
		842D41EB23E77AC800872340 /* Debug */ = {
			isa = XCBuildConfiguration;
			baseConfigurationReference = E076134A3CD29E702A7F02E3 /* Pods-test.Notes.API-test.Notes.APITests.debug.xcconfig */;
			buildSettings = {
				CODE_SIGN_STYLE = Automatic;
				INFOPLIST_FILE = test.Notes.APITests/Info.plist;
				LD_RUNPATH_SEARCH_PATHS = (
					"$(inherited)",
					"@executable_path/Frameworks",
					"@loader_path/Frameworks",
				);
				PRODUCT_BUNDLE_IDENTIFIER = "cz.BSC.test-Notes-APITests";
				PRODUCT_NAME = "$(TARGET_NAME)";
				SWIFT_VERSION = 5.0;
				TARGETED_DEVICE_FAMILY = "1,2";
				TEST_HOST = "$(BUILT_PRODUCTS_DIR)/test.Notes.app/test.Notes";
			};
			name = Debug;
		};
		842D41EC23E77AC800872340 /* Release */ = {
			isa = XCBuildConfiguration;
			baseConfigurationReference = 1DC77249A9F6FD0016585805 /* Pods-test.Notes.API-test.Notes.APITests.release.xcconfig */;
			buildSettings = {
				CODE_SIGN_STYLE = Automatic;
				INFOPLIST_FILE = test.Notes.APITests/Info.plist;
				LD_RUNPATH_SEARCH_PATHS = (
					"$(inherited)",
					"@executable_path/Frameworks",
					"@loader_path/Frameworks",
				);
				PRODUCT_BUNDLE_IDENTIFIER = "cz.BSC.test-Notes-APITests";
				PRODUCT_NAME = "$(TARGET_NAME)";
				SWIFT_VERSION = 5.0;
				TARGETED_DEVICE_FAMILY = "1,2";
				TEST_HOST = "$(BUILT_PRODUCTS_DIR)/test.Notes.app/test.Notes";
			};
			name = Release;
		};
		842D420A23E77B1000872340 /* Debug */ = {
			isa = XCBuildConfiguration;
			baseConfigurationReference = B72290AA9238CEB7F6902EAD /* Pods-test.Notes.App.debug.xcconfig */;
			buildSettings = {
				CODE_SIGN_STYLE = Automatic;
				CURRENT_PROJECT_VERSION = 1;
				DEFINES_MODULE = YES;
				DYLIB_COMPATIBILITY_VERSION = 1;
				DYLIB_CURRENT_VERSION = 1;
				DYLIB_INSTALL_NAME_BASE = "@rpath";
				INFOPLIST_FILE = test.Notes.App/Info.plist;
				INSTALL_PATH = "$(LOCAL_LIBRARY_DIR)/Frameworks";
				IPHONEOS_DEPLOYMENT_TARGET = 13.0;
				LD_RUNPATH_SEARCH_PATHS = (
					"$(inherited)",
					"@executable_path/Frameworks",
					"@loader_path/Frameworks",
				);
				PRODUCT_BUNDLE_IDENTIFIER = "cz.BSC.test-Notes-App";
				PRODUCT_NAME = "$(TARGET_NAME:c99extidentifier)";
				SKIP_INSTALL = YES;
				SUPPORTS_MACCATALYST = NO;
				SWIFT_VERSION = 5.0;
				TARGETED_DEVICE_FAMILY = "1,2";
				VERSIONING_SYSTEM = "apple-generic";
				VERSION_INFO_PREFIX = "";
			};
			name = Debug;
		};
		842D420B23E77B1000872340 /* Release */ = {
			isa = XCBuildConfiguration;
			baseConfigurationReference = 62294FC9EF68BF40B17F013C /* Pods-test.Notes.App.release.xcconfig */;
			buildSettings = {
				CODE_SIGN_STYLE = Automatic;
				CURRENT_PROJECT_VERSION = 1;
				DEFINES_MODULE = YES;
				DYLIB_COMPATIBILITY_VERSION = 1;
				DYLIB_CURRENT_VERSION = 1;
				DYLIB_INSTALL_NAME_BASE = "@rpath";
				INFOPLIST_FILE = test.Notes.App/Info.plist;
				INSTALL_PATH = "$(LOCAL_LIBRARY_DIR)/Frameworks";
				IPHONEOS_DEPLOYMENT_TARGET = 13.0;
				LD_RUNPATH_SEARCH_PATHS = (
					"$(inherited)",
					"@executable_path/Frameworks",
					"@loader_path/Frameworks",
				);
				PRODUCT_BUNDLE_IDENTIFIER = "cz.BSC.test-Notes-App";
				PRODUCT_NAME = "$(TARGET_NAME:c99extidentifier)";
				SKIP_INSTALL = YES;
				SUPPORTS_MACCATALYST = NO;
				SWIFT_VERSION = 5.0;
				TARGETED_DEVICE_FAMILY = "1,2";
				VERSIONING_SYSTEM = "apple-generic";
				VERSION_INFO_PREFIX = "";
			};
			name = Release;
		};
		842D420D23E77B1000872340 /* Debug */ = {
			isa = XCBuildConfiguration;
			baseConfigurationReference = 719BCEA552CDF2F7C4433AF4 /* Pods-test.Notes.App-test.Notes.AppTests.debug.xcconfig */;
			buildSettings = {
				CODE_SIGN_STYLE = Automatic;
				INFOPLIST_FILE = test.Notes.AppTests/Info.plist;
				LD_RUNPATH_SEARCH_PATHS = (
					"$(inherited)",
					"@executable_path/Frameworks",
					"@loader_path/Frameworks",
				);
				PRODUCT_BUNDLE_IDENTIFIER = "cz.BSC.test-Notes-AppTests";
				PRODUCT_NAME = "$(TARGET_NAME)";
				SWIFT_VERSION = 5.0;
				TARGETED_DEVICE_FAMILY = "1,2";
				TEST_HOST = "$(BUILT_PRODUCTS_DIR)/test.Notes.app/test.Notes";
			};
			name = Debug;
		};
		842D420E23E77B1000872340 /* Release */ = {
			isa = XCBuildConfiguration;
			baseConfigurationReference = EF74B4FA0E4FE10616DABDB7 /* Pods-test.Notes.App-test.Notes.AppTests.release.xcconfig */;
			buildSettings = {
				CODE_SIGN_STYLE = Automatic;
				INFOPLIST_FILE = test.Notes.AppTests/Info.plist;
				LD_RUNPATH_SEARCH_PATHS = (
					"$(inherited)",
					"@executable_path/Frameworks",
					"@loader_path/Frameworks",
				);
				PRODUCT_BUNDLE_IDENTIFIER = "cz.BSC.test-Notes-AppTests";
				PRODUCT_NAME = "$(TARGET_NAME)";
				SWIFT_VERSION = 5.0;
				TARGETED_DEVICE_FAMILY = "1,2";
				TEST_HOST = "$(BUILT_PRODUCTS_DIR)/test.Notes.app/test.Notes";
			};
			name = Release;
		};
/* End XCBuildConfiguration section */

/* Begin XCConfigurationList section */
		842D417C23E77A2900872340 /* Build configuration list for PBXProject "test.Notes" */ = {
			isa = XCConfigurationList;
			buildConfigurations = (
				842D41A023E77A2D00872340 /* Debug */,
				842D41A123E77A2D00872340 /* Release */,
			);
			defaultConfigurationIsVisible = 0;
			defaultConfigurationName = Release;
		};
		842D41A223E77A2D00872340 /* Build configuration list for PBXNativeTarget "test.Notes" */ = {
			isa = XCConfigurationList;
			buildConfigurations = (
				842D41A323E77A2D00872340 /* Debug */,
				842D41A423E77A2D00872340 /* Release */,
			);
			defaultConfigurationIsVisible = 0;
			defaultConfigurationName = Release;
		};
		842D41C423E77AB500872340 /* Build configuration list for PBXNativeTarget "test.Notes.Model" */ = {
			isa = XCConfigurationList;
			buildConfigurations = (
				842D41C523E77AB500872340 /* Debug */,
				842D41C623E77AB500872340 /* Release */,
			);
			defaultConfigurationIsVisible = 0;
			defaultConfigurationName = Release;
		};
		842D41C823E77AB500872340 /* Build configuration list for PBXNativeTarget "test.Notes.ModelTests" */ = {
			isa = XCConfigurationList;
			buildConfigurations = (
				842D41C923E77AB500872340 /* Debug */,
				842D41CA23E77AB500872340 /* Release */,
			);
			defaultConfigurationIsVisible = 0;
			defaultConfigurationName = Release;
		};
		842D41E723E77AC800872340 /* Build configuration list for PBXNativeTarget "test.Notes.API" */ = {
			isa = XCConfigurationList;
			buildConfigurations = (
				842D41E823E77AC800872340 /* Debug */,
				842D41E923E77AC800872340 /* Release */,
			);
			defaultConfigurationIsVisible = 0;
			defaultConfigurationName = Release;
		};
		842D41EA23E77AC800872340 /* Build configuration list for PBXNativeTarget "test.Notes.APITests" */ = {
			isa = XCConfigurationList;
			buildConfigurations = (
				842D41EB23E77AC800872340 /* Debug */,
				842D41EC23E77AC800872340 /* Release */,
			);
			defaultConfigurationIsVisible = 0;
			defaultConfigurationName = Release;
		};
		842D420923E77B1000872340 /* Build configuration list for PBXNativeTarget "test.Notes.App" */ = {
			isa = XCConfigurationList;
			buildConfigurations = (
				842D420A23E77B1000872340 /* Debug */,
				842D420B23E77B1000872340 /* Release */,
			);
			defaultConfigurationIsVisible = 0;
			defaultConfigurationName = Release;
		};
		842D420C23E77B1000872340 /* Build configuration list for PBXNativeTarget "test.Notes.AppTests" */ = {
			isa = XCConfigurationList;
			buildConfigurations = (
				842D420D23E77B1000872340 /* Debug */,
				842D420E23E77B1000872340 /* Release */,
			);
			defaultConfigurationIsVisible = 0;
			defaultConfigurationName = Release;
		};
/* End XCConfigurationList section */
	};
	rootObject = 842D417923E77A2900872340 /* Project object */;
}
